
Microsoft Visual Studio Solution File, Format Version 12.00
# Visual Studio Version 18
VisualStudioVersion = 18.4.11506.43
MinimumVisualStudioVersion = 10.0.40219.1
Project("{2150E333-8FDC-42A3-9474-1A3956D46DE8}") = "Samples", "Samples", "{E7C58EBD-5476-4A12-83EB-235DE68AF079}"
EndProject
Project("{9A19103F-16F7-4668-BE54-9A1E7A4F7556}") = "WpfHexEditor.Core", "WpfHexEditor.Core\WpfHexEditor.Core.csproj", "{A53B3778-BA1D-4C35-9DC8-7A21E8224872}"
EndProject
Project("{9A19103F-16F7-4668-BE54-9A1E7A4F7556}") = "WpfHexEditor.HexEditor", "WpfHexEditor.HexEditor\WpfHexEditor.HexEditor.csproj", "{B8A9C0D1-E2F3-4567-89AB-CDEF01234567}"
EndProject
Project("{9A19103F-16F7-4668-BE54-9A1E7A4F7556}") = "WpfHexEditor.Sample.HexEditor", "Samples\WpfHexEditor.Sample.HexEditor\WpfHexEditor.Sample.HexEditor.csproj", "{B1A2C3D4-E5F6-7890-A1B2-C3D4E5F67890}"
EndProject
Project("{FAE04EC0-301F-11D3-BF4B-00C04F79EFBC}") = "WpfHexEditor.Tests", "WpfHexEditor.Tests\WpfHexEditor.Tests.csproj", "{AC616BD2-091D-47F8-8B3A-8C4F51A059B4}"
EndProject
Project("{2150E333-8FDC-42A3-9474-1A3956D46DE8}") = "Test and Benchmark", "Test and Benchmark", "{17DF3F5C-B057-775F-6415-08BE72BB68E2}"
EndProject
Project("{2150E333-8FDC-42A3-9474-1A3956D46DE8}") = "Docking", "Docking", "{FEF6DC7F-62E8-4254-9C7D-1324AC8B8E19}"
EndProject
Project("{9A19103F-16F7-4668-BE54-9A1E7A4F7556}") = "WpfHexEditor.Docking.Core", "WpfHexEditor.Docking.Core\WpfHexEditor.Docking.Core.csproj", "{6B52E370-D952-4E45-AB8F-46C36B440D8D}"
EndProject
Project("{9A19103F-16F7-4668-BE54-9A1E7A4F7556}") = "WpfHexEditor.Shell", "WpfHexEditor.Shell\WpfHexEditor.Shell.csproj", "{AF320FF3-6DA4-4F0B-9847-9747A5D1D28C}"
EndProject
Project("{9A19103F-16F7-4668-BE54-9A1E7A4F7556}") = "WpfHexEditor.App", "WpfHexEditor.App\WpfHexEditor.App.csproj", "{AC792237-B019-47C9-85C7-874A6E0212EF}"
EndProject
Project("{9A19103F-16F7-4668-BE54-9A1E7A4F7556}") = "WpfHexEditor.Docking.Tests", "WpfHexEditor.Docking.Tests\WpfHexEditor.Docking.Tests.csproj", "{E3B2C99D-8506-4B91-A75E-2062F0E2F26D}"
EndProject
Project("{9A19103F-16F7-4668-BE54-9A1E7A4F7556}") = "WpfHexEditor.Editor.CodeEditor", "WpfHexEditor.Editor.CodeEditor\WpfHexEditor.Editor.CodeEditor.csproj", "{D4CD9155-5A32-429A-AA18-9E4BF03F1D8D}"
EndProject
Project("{9A19103F-16F7-4668-BE54-9A1E7A4F7556}") = "WpfHexEditor.Editor.TextEditor", "WpfHexEditor.Editor.TextEditor\WpfHexEditor.Editor.TextEditor.csproj", "{E5F6A7B8-C9D0-1234-5678-9ABCDEF01234}"
EndProject
Project("{9A19103F-16F7-4668-BE54-9A1E7A4F7556}") = "WpfHexEditor.Editor.ImageViewer", "WpfHexEditor.Editor.ImageViewer\WpfHexEditor.Editor.ImageViewer.csproj", "{A8B9C0D1-E2F3-4567-89AB-CDEF01234567}"
EndProject
Project("{9A19103F-16F7-4668-BE54-9A1E7A4F7556}") = "WpfHexEditor.Editor.EntropyViewer", "WpfHexEditor.Editor.EntropyViewer\WpfHexEditor.Editor.EntropyViewer.csproj", "{B9C0D1E2-F3A4-5678-9ABC-DEF012345678}"
EndProject
Project("{9A19103F-16F7-4668-BE54-9A1E7A4F7556}") = "WpfHexEditor.Editor.DiffViewer", "WpfHexEditor.Editor.DiffViewer\WpfHexEditor.Editor.DiffViewer.csproj", "{C0D1E2F3-A4B5-6789-ABCD-EF0123456789}"
EndProject
Project("{9A19103F-16F7-4668-BE54-9A1E7A4F7556}") = "WpfHexEditor.ColorPicker", "WpfHexEditor.ColorPicker\WpfHexEditor.ColorPicker.csproj", "{A1B2C3D4-E5F6-7890-ABCD-EF1234567890}"
EndProject
Project("{9A19103F-16F7-4668-BE54-9A1E7A4F7556}") = "WpfHexEditor.Panels.IDE", "WpfHexEditor.Panels.IDE\WpfHexEditor.Panels.IDE.csproj", "{C1D2E3F4-A5B6-7890-C1D2-E3F4A5B67890}"
EndProject
Project("{9A19103F-16F7-4668-BE54-9A1E7A4F7556}") = "WpfHexEditor.Panels.FileOps", "WpfHexEditor.Panels.FileOps\WpfHexEditor.Panels.FileOps.csproj", "{E3F4A5B6-C7D8-9012-E3F4-A5B6C7D89012}"
EndProject
Project("{9A19103F-16F7-4668-BE54-9A1E7A4F7556}") = "WpfHexEditor.BinaryAnalysis", "WpfHexEditor.BinaryAnalysis\WpfHexEditor.BinaryAnalysis.csproj", "{D5E6F7A8-B9C0-1234-DEFA-B01234567890}"
EndProject
Project("{9A19103F-16F7-4668-BE54-9A1E7A4F7556}") = "WpfHexEditor.BinaryAnalysis.Tests", "WpfHexEditor.BinaryAnalysis.Tests\WpfHexEditor.BinaryAnalysis.Tests.csproj", "{E4F5A6B7-C8D9-0123-EFA1-B23456789012}"
EndProject
Project("{9A19103F-16F7-4668-BE54-9A1E7A4F7556}") = "WpfHexEditor.Editor.Core", "WpfHexEditor.Editor.Core\WpfHexEditor.Editor.Core.csproj", "{F1A2B3C4-D5E6-7890-F1A2-B3C4D5E67890}"
EndProject
Project("{9A19103F-16F7-4668-BE54-9A1E7A4F7556}") = "WpfHexEditor.Editor.TblEditor", "WpfHexEditor.Editor.TblEditor\WpfHexEditor.Editor.TblEditor.csproj", "{A0B1C2D3-E4F5-6789-A0B1-C2D3E4F56789}"
EndProject
Project("{9A19103F-16F7-4668-BE54-9A1E7A4F7556}") = "WpfHexEditor.Editor.ChangesetEditor", "WpfHexEditor.Editor.ChangesetEditor\WpfHexEditor.Editor.ChangesetEditor.csproj", "{CE000001-CE00-CE00-CE00-CE0000000001}"
EndProject
Project("{9A19103F-16F7-4668-BE54-9A1E7A4F7556}") = "WpfHexEditor.Editor.XamlDesigner", "WpfHexEditor.Editor.XamlDesigner\WpfHexEditor.Editor.XamlDesigner.csproj", "{E4516B00-A775-426E-B9A0-4CB5B4E312FE}"
EndProject
Project("{9A19103F-16F7-4668-BE54-9A1E7A4F7556}") = "WpfHexEditor.Editor.MarkdownEditor", "WpfHexEditor.Editor.MarkdownEditor\WpfHexEditor.Editor.MarkdownEditor.csproj", "{FA100001-FA10-FA10-FA10-FA1000000001}"
EndProject
Project("{9A19103F-16F7-4668-BE54-9A1E7A4F7556}") = "WpfHexEditor.Plugins.XamlDesigner", "Plugins\WpfHexEditor.Plugins.XamlDesigner\WpfHexEditor.Plugins.XamlDesigner.csproj", "{A93ED383-693F-4D75-A035-60BAB7E17D72}"
EndProject
Project("{2150E333-8FDC-42A3-9474-1A3956D46DE8}") = "Controls, Panel and Wndows", "Controls, Panel and Wndows", "{8F0E84AF-4FC2-46AF-8264-C41FC85FD18E}"
EndProject
Project("{2150E333-8FDC-42A3-9474-1A3956D46DE8}") = "Editors", "Editors", "{77555033-FC44-4882-8FFD-DA2B27CEDD9E}"
EndProject
Project("{FAE04EC0-301F-11D3-BF4B-00C04F79EFBC}") = "WpfHexEditor.HexBox", "WpfHexEditor.HexBox\WpfHexEditor.HexBox.csproj", "{47D236DA-09DA-4A6E-A3B4-26F77D4D0C49}"
EndProject
Project("{2150E333-8FDC-42A3-9474-1A3956D46DE8}") = "Core and Services", "Core and Services", "{250FC96D-F272-4DA2-9454-5817440CB125}"
EndProject
Project("{FAE04EC0-301F-11D3-BF4B-00C04F79EFBC}") = "WpfHexEditor.ProjectSystem", "WpfHexEditor.ProjectSystem\WpfHexEditor.ProjectSystem.csproj", "{D57AA8EE-8C82-47BD-87F4-870E1E46056A}"
EndProject
Project("{9A19103F-16F7-4668-BE54-9A1E7A4F7556}") = "WpfHexEditor.Editor.DisassemblyViewer", "WpfHexEditor.Editor.DisassemblyViewer\WpfHexEditor.Editor.DisassemblyViewer.csproj", "{A1B2C3D4-E5F6-7891-ABCD-EF1234567891}"
EndProject
Project("{9A19103F-16F7-4668-BE54-9A1E7A4F7556}") = "WpfHexEditor.Editor.StructureEditor", "WpfHexEditor.Editor.StructureEditor\WpfHexEditor.Editor.StructureEditor.csproj", "{B2C3D4E5-F6A7-8902-BCDE-F01234567891}"
EndProject
Project("{9A19103F-16F7-4668-BE54-9A1E7A4F7556}") = "WpfHexEditor.Editor.TileEditor", "WpfHexEditor.Editor.TileEditor\WpfHexEditor.Editor.TileEditor.csproj", "{C3D4E5F6-A7B8-9013-CDEF-012345678912}"
EndProject
Project("{9A19103F-16F7-4668-BE54-9A1E7A4F7556}") = "WpfHexEditor.Editor.AudioViewer", "WpfHexEditor.Editor.AudioViewer\WpfHexEditor.Editor.AudioViewer.csproj", "{D4E5F6A7-B8C9-0124-DEF0-123456789123}"
EndProject
Project("{9A19103F-16F7-4668-BE54-9A1E7A4F7556}") = "WpfHexEditor.Editor.ScriptEditor", "WpfHexEditor.Editor.ScriptEditor\WpfHexEditor.Editor.ScriptEditor.csproj", "{E5F6A7B8-C9D0-1235-EF01-234567890134}"
EndProject
Project("{9A19103F-16F7-4668-BE54-9A1E7A4F7556}") = "WpfHexEditor.Decompiler.Core", "WpfHexEditor.Decompiler.Core\WpfHexEditor.Decompiler.Core.csproj", "{F6A7B8C9-D0E1-2346-F012-345678901245}"
EndProject
Project("{FAE04EC0-301F-11D3-BF4B-00C04F79EFBC}") = "WpfHexEditor.Definitions", "WpfHexEditor.Definitions\WpfHexEditor.Definitions.csproj", "{6EC3D93D-9B7B-43C4-8F2D-10F726E1E8FB}"
EndProject
Project("{9A19103F-16F7-4668-BE54-9A1E7A4F7556}") = "WpfHexEditor.Options", "WpfHexEditor.Options\WpfHexEditor.Options.csproj", "{F0E1D2C3-B4A5-9876-F0E1-D2C3B4A59876}"
EndProject
Project("{2150E333-8FDC-42A3-9474-1A3956D46DE8}") = "Plugin System", "Plugin System", "{A04155C4-07E6-49BE-AA0E-979BBE4F0F0C}"
EndProject
Project("{9A19103F-16F7-4668-BE54-9A1E7A4F7556}") = "WpfHexEditor.SDK", "WpfHexEditor.SDK\WpfHexEditor.SDK.csproj", "{AA000001-AA00-AA00-AA00-AA0000000001}"
EndProject
Project("{9A19103F-16F7-4668-BE54-9A1E7A4F7556}") = "WpfHexEditor.Events", "WpfHexEditor.Events\WpfHexEditor.Events.csproj", "{AA000006-AA00-AA00-AA00-AA0000000006}"
EndProject
Project("{9A19103F-16F7-4668-BE54-9A1E7A4F7556}") = "WpfHexEditor.PluginHost", "WpfHexEditor.PluginHost\WpfHexEditor.PluginHost.csproj", "{AA000002-AA00-AA00-AA00-AA0000000002}"
EndProject
Project("{9A19103F-16F7-4668-BE54-9A1E7A4F7556}") = "WpfHexEditor.Core.Terminal", "WpfHexEditor.Core.Terminal\WpfHexEditor.Core.Terminal.csproj", "{AA000003-AA00-AA00-AA00-AA0000000003}"
EndProject
Project("{9A19103F-16F7-4668-BE54-9A1E7A4F7556}") = "WpfHexEditor.Core.SourceAnalysis", "WpfHexEditor.Core.SourceAnalysis\WpfHexEditor.Core.SourceAnalysis.csproj", "{AA000008-AA00-AA00-AA00-AA0000000008}"
EndProject
Project("{9A19103F-16F7-4668-BE54-9A1E7A4F7556}") = "WpfHexEditor.Core.AssemblyAnalysis", "WpfHexEditor.Core.AssemblyAnalysis\WpfHexEditor.Core.AssemblyAnalysis.csproj", "{AA000009-AA00-AA00-AA00-AA0000000009}"
EndProject
Project("{9A19103F-16F7-4668-BE54-9A1E7A4F7556}") = "WpfHexEditor.Terminal", "WpfHexEditor.Terminal\WpfHexEditor.Terminal.csproj", "{AA000004-AA00-AA00-AA00-AA0000000004}"
EndProject
Project("{9A19103F-16F7-4668-BE54-9A1E7A4F7556}") = "WpfHexEditor.PluginSandbox", "WpfHexEditor.PluginSandbox\WpfHexEditor.PluginSandbox.csproj", "{AA000005-AA00-AA00-AA00-AA0000000005}"
EndProject
Project("{2150E333-8FDC-42A3-9474-1A3956D46DE8}") = "Official Plugins", "Official Plugins", "{97E00D62-D6F1-44E5-881F-3727FE8CDD1E}"
EndProject
Project("{9A19103F-16F7-4668-BE54-9A1E7A4F7556}") = "WpfHexEditor.Plugins.DataInspector", "Plugins\WpfHexEditor.Plugins.DataInspector\WpfHexEditor.Plugins.DataInspector.csproj", "{0CF47511-E15E-49A4-AAF7-68C914804463}"
EndProject
Project("{9A19103F-16F7-4668-BE54-9A1E7A4F7556}") = "WpfHexEditor.Plugins.StructureOverlay", "Plugins\WpfHexEditor.Plugins.StructureOverlay\WpfHexEditor.Plugins.StructureOverlay.csproj", "{E7390CBF-5931-4EBB-AFCE-6CC3A721D967}"
EndProject
Project("{9A19103F-16F7-4668-BE54-9A1E7A4F7556}") = "WpfHexEditor.Plugins.FileStatistics", "Plugins\WpfHexEditor.Plugins.FileStatistics\WpfHexEditor.Plugins.FileStatistics.csproj", "{EEA244F6-B3AC-4247-8744-4D7E44144BAD}"
EndProject
Project("{9A19103F-16F7-4668-BE54-9A1E7A4F7556}") = "WpfHexEditor.Plugins.PatternAnalysis", "Plugins\WpfHexEditor.Plugins.PatternAnalysis\WpfHexEditor.Plugins.PatternAnalysis.csproj", "{AACC97E4-7B05-4BBB-967C-0614ECDE921E}"
EndProject
Project("{9A19103F-16F7-4668-BE54-9A1E7A4F7556}") = "WpfHexEditor.Plugins.FormatInfo", "Plugins\WpfHexEditor.Plugins.FormatInfo\WpfHexEditor.Plugins.FormatInfo.csproj", "{634DADAD-EE3F-4D7A-9F61-15F26C4E2F9F}"
EndProject
Project("{9A19103F-16F7-4668-BE54-9A1E7A4F7556}") = "WpfHexEditor.Plugins.FileComparison", "Plugins\WpfHexEditor.Plugins.FileComparison\WpfHexEditor.Plugins.FileComparison.csproj", "{DD248813-51E2-4313-ACB8-AE2CBD8B7BF9}"
EndProject
Project("{9A19103F-16F7-4668-BE54-9A1E7A4F7556}") = "WpfHexEditor.Plugins.CustomParserTemplate", "Plugins\WpfHexEditor.Plugins.CustomParserTemplate\WpfHexEditor.Plugins.CustomParserTemplate.csproj", "{97CDAE86-0341-4078-A590-C0A566DDB28E}"
EndProject
Project("{9A19103F-16F7-4668-BE54-9A1E7A4F7556}") = "WpfHexEditor.Plugins.ArchiveStructure", "Plugins\WpfHexEditor.Plugins.ArchiveStructure\WpfHexEditor.Plugins.ArchiveStructure.csproj", "{46C5E8CB-ED73-4E38-A074-32465ACC4554}"
EndProject
Project("{9A19103F-16F7-4668-BE54-9A1E7A4F7556}") = "WpfHexEditor.Plugins.ParsedFields", "Plugins\WpfHexEditor.Plugins.ParsedFields\WpfHexEditor.Plugins.ParsedFields.csproj", "{F7A8B9C0-D1E2-F3A4-B5C6-D7E8F9A0B1C2}"
EndProject
Project("{9A19103F-16F7-4668-BE54-9A1E7A4F7556}") = "WpfHexEditor.Plugins.SynalysisGrammar", "Plugins\WpfHexEditor.Plugins.SynalysisGrammar\WpfHexEditor.Plugins.SynalysisGrammar.csproj", "{B2C3D4E5-F6A7-8901-BCDE-FA2345678901}"
EndProject
Project("{9A19103F-16F7-4668-BE54-9A1E7A4F7556}") = "WpfHexEditor.Plugins.AssemblyExplorer", "Plugins\WpfHexEditor.Plugins.AssemblyExplorer\WpfHexEditor.Plugins.AssemblyExplorer.csproj", "{C1A2B3D4-E5F6-7890-ABCD-EF1234567890}"
EndProject
Project("{2150E333-8FDC-42A3-9474-1A3956D46DE8}") = "Plugin Tools", "Plugin Tools", "{7041CC6B-23DF-4363-B599-13F2567FA326}"
EndProject
Project("{9A19103F-16F7-4668-BE54-9A1E7A4F7556}") = "WpfHexEditor.PackagingTool", "Tools\WpfHexEditor.PackagingTool\WpfHexEditor.PackagingTool.csproj", "{8140C321-5422-4C62-9726-4E52EFC260B0}"
EndProject
Project("{9A19103F-16F7-4668-BE54-9A1E7A4F7556}") = "WpfHexEditor.PluginInstaller", "Tools\WpfHexEditor.PluginInstaller\WpfHexEditor.PluginInstaller.csproj", "{AA000007-AA00-AA00-AA00-AA0000000007}"
EndProject
Project("{2150E333-8FDC-42A3-9474-1A3956D46DE8}") = "Plugins & SDK", "Plugins & SDK", "{AD6546B8-31D6-4732-8E50-4490C2C5E889}"
EndProject
Project("{2150E333-8FDC-42A3-9474-1A3956D46DE8}") = "Terminal", "Terminal", "{6BC0938A-0302-4BD1-A166-A93B238638DA}"
EndProject
Project("{9A19103F-16F7-4668-BE54-9A1E7A4F7556}") = "WpfHexEditor.Sample.Docking", "Samples\WpfHexEditor.Sample.Docking\WpfHexEditor.Sample.Docking.csproj", "{BB000001-BB00-BB00-BB00-BB0000000001}"
EndProject
Project("{9A19103F-16F7-4668-BE54-9A1E7A4F7556}") = "WpfHexEditor.Sample.Terminal", "Samples\WpfHexEditor.Sample.Terminal\WpfHexEditor.Sample.Terminal.csproj", "{BB000002-BB00-BB00-BB00-BB0000000002}"
EndProject
Project("{9A19103F-16F7-4668-BE54-9A1E7A4F7556}") = "WpfHexEditor.Sample.CodeEditor", "Samples\WpfHexEditor.Sample.CodeEditor\WpfHexEditor.Sample.CodeEditor.csproj", "{BB000003-BB00-BB00-BB00-BB0000000003}"
EndProject
Project("{FAE04EC0-301F-11D3-BF4B-00C04F79EFBC}") = "WpfHexEditor.LSP", "WpfHexEditor.LSP\WpfHexEditor.LSP.csproj", "{792D158F-BAAD-42E4-8EF3-41B6DC5D2F88}"
EndProject
Project("{9A19103F-16F7-4668-BE54-9A1E7A4F7556}") = "WpfHexEditor.LSP.Client", "WpfHexEditor.LSP.Client\WpfHexEditor.LSP.Client.csproj", "{EE300001-EE00-EE00-EE00-EE0000000001}"
EndProject
Project("{FAE04EC0-301F-11D3-BF4B-00C04F79EFBC}") = "WpfHexEditor.BuildSystem", "WpfHexEditor.BuildSystem\WpfHexEditor.BuildSystem.csproj", "{DA5101BD-8749-439F-AFDC-C76143E335B9}"
EndProject
Project("{9A19103F-16F7-4668-BE54-9A1E7A4F7556}") = "WpfHexEditor.Plugins.SolutionLoader.VS", "WpfHexEditor.Plugins.SolutionLoader.VS\WpfHexEditor.Plugins.SolutionLoader.VS.csproj", "{CC100001-CC00-CC00-CC00-CC0000000001}"
EndProject
Project("{9A19103F-16F7-4668-BE54-9A1E7A4F7556}") = "WpfHexEditor.Plugins.SolutionLoader.WH", "WpfHexEditor.Plugins.SolutionLoader.WH\WpfHexEditor.Plugins.SolutionLoader.WH.csproj", "{CC100002-CC00-CC00-CC00-CC0000000002}"
EndProject
Project("{9A19103F-16F7-4668-BE54-9A1E7A4F7556}") = "WpfHexEditor.Plugins.SolutionLoader.Folder", "WpfHexEditor.Plugins.SolutionLoader.Folder\WpfHexEditor.Plugins.SolutionLoader.Folder.csproj", "{CC100006-CC00-CC00-CC00-CC0000000006}"
EndProject
Project("{9A19103F-16F7-4668-BE54-9A1E7A4F7556}") = "WpfHexEditor.Plugins.Build.MSBuild", "WpfHexEditor.Plugins.Build.MSBuild\WpfHexEditor.Plugins.Build.MSBuild.csproj", "{CC100003-CC00-CC00-CC00-CC0000000003}"
EndProject
Project("{9A19103F-16F7-4668-BE54-9A1E7A4F7556}") = "WpfHexEditor.WorkspaceTemplates", "WpfHexEditor.WorkspaceTemplates\WpfHexEditor.WorkspaceTemplates.csproj", "{CC100004-CC00-CC00-CC00-CC0000000004}"
EndProject
Project("{9A19103F-16F7-4668-BE54-9A1E7A4F7556}") = "WpfHexEditor.PluginDev", "WpfHexEditor.PluginDev\WpfHexEditor.PluginDev.csproj", "{CC100005-CC00-CC00-CC00-CC0000000005}"
EndProject
Project("{2150E333-8FDC-42A3-9474-1A3956D46DE8}") = "Themes", "Themes", "{50BEFE8E-AAFD-4CE3-AFE9-89DD1ECD8667}"
EndProject
Project("{FAE04EC0-301F-11D3-BF4B-00C04F79EFBC}") = "WpfHexEditor.Editor.MarkdownEditor.Core", "WpfHexEditor.Editor.MarkdownEditor.Core\WpfHexEditor.Editor.MarkdownEditor.Core.csproj", "{9E14A20E-53AF-40DF-841F-20D6FAB9C526}"
EndProject
Project("{FAE04EC0-301F-11D3-BF4B-00C04F79EFBC}") = "WpfHexEditor.Editor.ClassDiagram.Core", "WpfHexEditor.Editor.ClassDiagram.Core\WpfHexEditor.Editor.ClassDiagram.Core.csproj", "{7F168659-05C7-49A6-9CF6-568E449160C2}"
EndProject
Project("{FAE04EC0-301F-11D3-BF4B-00C04F79EFBC}") = "WpfHexEditor.Editor.ClassDiagram", "WpfHexEditor.Editor.ClassDiagram\WpfHexEditor.Editor.ClassDiagram.csproj", "{C7DF1D38-8FFB-4562-B763-16D3E9CB1134}"
EndProject
Project("{FAE04EC0-301F-11D3-BF4B-00C04F79EFBC}") = "WpfHexEditor.Plugins.ClassDiagram", "WpfHexEditor.Plugins.ClassDiagram\WpfHexEditor.Plugins.ClassDiagram.csproj", "{A4C42553-4BDA-4D77-B1D5-BA20E551F6BB}"
EndProject
Project("{FAE04EC0-301F-11D3-BF4B-00C04F79EFBC}") = "WpfHexEditor.Docking.Wpf", "WpfHexEditor.Docking.Wpf\WpfHexEditor.Docking.Wpf.csproj", "{685E12CB-0991-4B14-B615-47FB2310DFC0}"
EndProject
Project("{FAE04EC0-301F-11D3-BF4B-00C04F79EFBC}") = "WpfHexEditor.Commands", "WpfHexEditor.Commands\WpfHexEditor.Commands.csproj", "{4D11DA03-E3B2-4806-9C47-E83F650F6C84}"
EndProject
Global
	GlobalSection(SolutionConfigurationPlatforms) = preSolution
		Debug|Any CPU = Debug|Any CPU
		Debug|x64 = Debug|x64
		Debug|x86 = Debug|x86
		Release|Any CPU = Release|Any CPU
		Release|x64 = Release|x64
		Release|x86 = Release|x86
	EndGlobalSection
	GlobalSection(ProjectConfigurationPlatforms) = postSolution
		{A53B3778-BA1D-4C35-9DC8-7A21E8224872}.Debug|Any CPU.ActiveCfg = Debug|Any CPU
		{A53B3778-BA1D-4C35-9DC8-7A21E8224872}.Debug|Any CPU.Build.0 = Debug|Any CPU
		{A53B3778-BA1D-4C35-9DC8-7A21E8224872}.Debug|x64.ActiveCfg = Debug|Any CPU
		{A53B3778-BA1D-4C35-9DC8-7A21E8224872}.Debug|x64.Build.0 = Debug|Any CPU
		{A53B3778-BA1D-4C35-9DC8-7A21E8224872}.Debug|x86.ActiveCfg = Debug|Any CPU
		{A53B3778-BA1D-4C35-9DC8-7A21E8224872}.Debug|x86.Build.0 = Debug|Any CPU
		{A53B3778-BA1D-4C35-9DC8-7A21E8224872}.Release|Any CPU.ActiveCfg = Release|Any CPU
		{A53B3778-BA1D-4C35-9DC8-7A21E8224872}.Release|Any CPU.Build.0 = Release|Any CPU
		{A53B3778-BA1D-4C35-9DC8-7A21E8224872}.Release|x64.ActiveCfg = Release|Any CPU
		{A53B3778-BA1D-4C35-9DC8-7A21E8224872}.Release|x64.Build.0 = Release|Any CPU
		{A53B3778-BA1D-4C35-9DC8-7A21E8224872}.Release|x86.ActiveCfg = Release|Any CPU
		{A53B3778-BA1D-4C35-9DC8-7A21E8224872}.Release|x86.Build.0 = Release|Any CPU
		{B8A9C0D1-E2F3-4567-89AB-CDEF01234567}.Debug|Any CPU.ActiveCfg = Debug|Any CPU
		{B8A9C0D1-E2F3-4567-89AB-CDEF01234567}.Debug|Any CPU.Build.0 = Debug|Any CPU
		{B8A9C0D1-E2F3-4567-89AB-CDEF01234567}.Debug|x64.ActiveCfg = Debug|Any CPU
		{B8A9C0D1-E2F3-4567-89AB-CDEF01234567}.Debug|x64.Build.0 = Debug|Any CPU
		{B8A9C0D1-E2F3-4567-89AB-CDEF01234567}.Debug|x86.ActiveCfg = Debug|Any CPU
		{B8A9C0D1-E2F3-4567-89AB-CDEF01234567}.Debug|x86.Build.0 = Debug|Any CPU
		{B8A9C0D1-E2F3-4567-89AB-CDEF01234567}.Release|Any CPU.ActiveCfg = Release|Any CPU
		{B8A9C0D1-E2F3-4567-89AB-CDEF01234567}.Release|Any CPU.Build.0 = Release|Any CPU
		{B8A9C0D1-E2F3-4567-89AB-CDEF01234567}.Release|x64.ActiveCfg = Release|Any CPU
		{B8A9C0D1-E2F3-4567-89AB-CDEF01234567}.Release|x64.Build.0 = Release|Any CPU
		{B8A9C0D1-E2F3-4567-89AB-CDEF01234567}.Release|x86.ActiveCfg = Release|Any CPU
		{B8A9C0D1-E2F3-4567-89AB-CDEF01234567}.Release|x86.Build.0 = Release|Any CPU
		{B1A2C3D4-E5F6-7890-A1B2-C3D4E5F67890}.Debug|Any CPU.ActiveCfg = Debug|Any CPU
		{B1A2C3D4-E5F6-7890-A1B2-C3D4E5F67890}.Debug|Any CPU.Build.0 = Debug|Any CPU
		{B1A2C3D4-E5F6-7890-A1B2-C3D4E5F67890}.Debug|x64.ActiveCfg = Debug|Any CPU
		{B1A2C3D4-E5F6-7890-A1B2-C3D4E5F67890}.Debug|x64.Build.0 = Debug|Any CPU
		{B1A2C3D4-E5F6-7890-A1B2-C3D4E5F67890}.Debug|x86.ActiveCfg = Debug|Any CPU
		{B1A2C3D4-E5F6-7890-A1B2-C3D4E5F67890}.Debug|x86.Build.0 = Debug|Any CPU
		{B1A2C3D4-E5F6-7890-A1B2-C3D4E5F67890}.Release|Any CPU.ActiveCfg = Release|Any CPU
		{B1A2C3D4-E5F6-7890-A1B2-C3D4E5F67890}.Release|Any CPU.Build.0 = Release|Any CPU
		{B1A2C3D4-E5F6-7890-A1B2-C3D4E5F67890}.Release|x64.ActiveCfg = Release|Any CPU
		{B1A2C3D4-E5F6-7890-A1B2-C3D4E5F67890}.Release|x64.Build.0 = Release|Any CPU
		{B1A2C3D4-E5F6-7890-A1B2-C3D4E5F67890}.Release|x86.ActiveCfg = Release|Any CPU
		{B1A2C3D4-E5F6-7890-A1B2-C3D4E5F67890}.Release|x86.Build.0 = Release|Any CPU
		{AC616BD2-091D-47F8-8B3A-8C4F51A059B4}.Debug|Any CPU.ActiveCfg = Debug|Any CPU
		{AC616BD2-091D-47F8-8B3A-8C4F51A059B4}.Debug|Any CPU.Build.0 = Debug|Any CPU
		{AC616BD2-091D-47F8-8B3A-8C4F51A059B4}.Debug|x64.ActiveCfg = Debug|Any CPU
		{AC616BD2-091D-47F8-8B3A-8C4F51A059B4}.Debug|x64.Build.0 = Debug|Any CPU
		{AC616BD2-091D-47F8-8B3A-8C4F51A059B4}.Debug|x86.ActiveCfg = Debug|Any CPU
		{AC616BD2-091D-47F8-8B3A-8C4F51A059B4}.Debug|x86.Build.0 = Debug|Any CPU
		{AC616BD2-091D-47F8-8B3A-8C4F51A059B4}.Release|Any CPU.ActiveCfg = Release|Any CPU
		{AC616BD2-091D-47F8-8B3A-8C4F51A059B4}.Release|Any CPU.Build.0 = Release|Any CPU
		{AC616BD2-091D-47F8-8B3A-8C4F51A059B4}.Release|x64.ActiveCfg = Release|Any CPU
		{AC616BD2-091D-47F8-8B3A-8C4F51A059B4}.Release|x64.Build.0 = Release|Any CPU
		{AC616BD2-091D-47F8-8B3A-8C4F51A059B4}.Release|x86.ActiveCfg = Release|Any CPU
		{AC616BD2-091D-47F8-8B3A-8C4F51A059B4}.Release|x86.Build.0 = Release|Any CPU
		{6B52E370-D952-4E45-AB8F-46C36B440D8D}.Debug|Any CPU.ActiveCfg = Debug|Any CPU
		{6B52E370-D952-4E45-AB8F-46C36B440D8D}.Debug|Any CPU.Build.0 = Debug|Any CPU
		{6B52E370-D952-4E45-AB8F-46C36B440D8D}.Debug|x64.ActiveCfg = Debug|Any CPU
		{6B52E370-D952-4E45-AB8F-46C36B440D8D}.Debug|x64.Build.0 = Debug|Any CPU
		{6B52E370-D952-4E45-AB8F-46C36B440D8D}.Debug|x86.ActiveCfg = Debug|Any CPU
		{6B52E370-D952-4E45-AB8F-46C36B440D8D}.Debug|x86.Build.0 = Debug|Any CPU
		{6B52E370-D952-4E45-AB8F-46C36B440D8D}.Release|Any CPU.ActiveCfg = Release|Any CPU
		{6B52E370-D952-4E45-AB8F-46C36B440D8D}.Release|Any CPU.Build.0 = Release|Any CPU
		{6B52E370-D952-4E45-AB8F-46C36B440D8D}.Release|x64.ActiveCfg = Release|Any CPU
		{6B52E370-D952-4E45-AB8F-46C36B440D8D}.Release|x64.Build.0 = Release|Any CPU
		{6B52E370-D952-4E45-AB8F-46C36B440D8D}.Release|x86.ActiveCfg = Release|Any CPU
		{6B52E370-D952-4E45-AB8F-46C36B440D8D}.Release|x86.Build.0 = Release|Any CPU
		{AF320FF3-6DA4-4F0B-9847-9747A5D1D28C}.Debug|Any CPU.ActiveCfg = Debug|Any CPU
		{AF320FF3-6DA4-4F0B-9847-9747A5D1D28C}.Debug|Any CPU.Build.0 = Debug|Any CPU
		{AF320FF3-6DA4-4F0B-9847-9747A5D1D28C}.Debug|x64.ActiveCfg = Debug|Any CPU
		{AF320FF3-6DA4-4F0B-9847-9747A5D1D28C}.Debug|x64.Build.0 = Debug|Any CPU
		{AF320FF3-6DA4-4F0B-9847-9747A5D1D28C}.Debug|x86.ActiveCfg = Debug|Any CPU
		{AF320FF3-6DA4-4F0B-9847-9747A5D1D28C}.Debug|x86.Build.0 = Debug|Any CPU
		{AF320FF3-6DA4-4F0B-9847-9747A5D1D28C}.Release|Any CPU.ActiveCfg = Release|Any CPU
		{AF320FF3-6DA4-4F0B-9847-9747A5D1D28C}.Release|Any CPU.Build.0 = Release|Any CPU
		{AF320FF3-6DA4-4F0B-9847-9747A5D1D28C}.Release|x64.ActiveCfg = Release|Any CPU
		{AF320FF3-6DA4-4F0B-9847-9747A5D1D28C}.Release|x64.Build.0 = Release|Any CPU
		{AF320FF3-6DA4-4F0B-9847-9747A5D1D28C}.Release|x86.ActiveCfg = Release|Any CPU
		{AF320FF3-6DA4-4F0B-9847-9747A5D1D28C}.Release|x86.Build.0 = Release|Any CPU
		{AC792237-B019-47C9-85C7-874A6E0212EF}.Debug|Any CPU.ActiveCfg = Debug|Any CPU
		{AC792237-B019-47C9-85C7-874A6E0212EF}.Debug|Any CPU.Build.0 = Debug|Any CPU
		{AC792237-B019-47C9-85C7-874A6E0212EF}.Debug|x64.ActiveCfg = Debug|Any CPU
		{AC792237-B019-47C9-85C7-874A6E0212EF}.Debug|x64.Build.0 = Debug|Any CPU
		{AC792237-B019-47C9-85C7-874A6E0212EF}.Debug|x86.ActiveCfg = Debug|Any CPU
		{AC792237-B019-47C9-85C7-874A6E0212EF}.Debug|x86.Build.0 = Debug|Any CPU
		{AC792237-B019-47C9-85C7-874A6E0212EF}.Release|Any CPU.ActiveCfg = Release|Any CPU
		{AC792237-B019-47C9-85C7-874A6E0212EF}.Release|Any CPU.Build.0 = Release|Any CPU
		{AC792237-B019-47C9-85C7-874A6E0212EF}.Release|x64.ActiveCfg = Release|Any CPU
		{AC792237-B019-47C9-85C7-874A6E0212EF}.Release|x64.Build.0 = Release|Any CPU
		{AC792237-B019-47C9-85C7-874A6E0212EF}.Release|x86.ActiveCfg = Release|Any CPU
		{AC792237-B019-47C9-85C7-874A6E0212EF}.Release|x86.Build.0 = Release|Any CPU
		{E3B2C99D-8506-4B91-A75E-2062F0E2F26D}.Debug|Any CPU.ActiveCfg = Debug|Any CPU
		{E3B2C99D-8506-4B91-A75E-2062F0E2F26D}.Debug|Any CPU.Build.0 = Debug|Any CPU
		{E3B2C99D-8506-4B91-A75E-2062F0E2F26D}.Debug|x64.ActiveCfg = Debug|Any CPU
		{E3B2C99D-8506-4B91-A75E-2062F0E2F26D}.Debug|x64.Build.0 = Debug|Any CPU
		{E3B2C99D-8506-4B91-A75E-2062F0E2F26D}.Debug|x86.ActiveCfg = Debug|Any CPU
		{E3B2C99D-8506-4B91-A75E-2062F0E2F26D}.Debug|x86.Build.0 = Debug|Any CPU
		{E3B2C99D-8506-4B91-A75E-2062F0E2F26D}.Release|Any CPU.ActiveCfg = Release|Any CPU
		{E3B2C99D-8506-4B91-A75E-2062F0E2F26D}.Release|Any CPU.Build.0 = Release|Any CPU
		{E3B2C99D-8506-4B91-A75E-2062F0E2F26D}.Release|x64.ActiveCfg = Release|Any CPU
		{E3B2C99D-8506-4B91-A75E-2062F0E2F26D}.Release|x64.Build.0 = Release|Any CPU
		{E3B2C99D-8506-4B91-A75E-2062F0E2F26D}.Release|x86.ActiveCfg = Release|Any CPU
		{E3B2C99D-8506-4B91-A75E-2062F0E2F26D}.Release|x86.Build.0 = Release|Any CPU
		{D4CD9155-5A32-429A-AA18-9E4BF03F1D8D}.Debug|Any CPU.ActiveCfg = Debug|Any CPU
		{D4CD9155-5A32-429A-AA18-9E4BF03F1D8D}.Debug|Any CPU.Build.0 = Debug|Any CPU
		{D4CD9155-5A32-429A-AA18-9E4BF03F1D8D}.Debug|x64.ActiveCfg = Debug|Any CPU
		{D4CD9155-5A32-429A-AA18-9E4BF03F1D8D}.Debug|x64.Build.0 = Debug|Any CPU
		{D4CD9155-5A32-429A-AA18-9E4BF03F1D8D}.Debug|x86.ActiveCfg = Debug|Any CPU
		{D4CD9155-5A32-429A-AA18-9E4BF03F1D8D}.Debug|x86.Build.0 = Debug|Any CPU
		{D4CD9155-5A32-429A-AA18-9E4BF03F1D8D}.Release|Any CPU.ActiveCfg = Release|Any CPU
		{D4CD9155-5A32-429A-AA18-9E4BF03F1D8D}.Release|Any CPU.Build.0 = Release|Any CPU
		{D4CD9155-5A32-429A-AA18-9E4BF03F1D8D}.Release|x64.ActiveCfg = Release|Any CPU
		{D4CD9155-5A32-429A-AA18-9E4BF03F1D8D}.Release|x64.Build.0 = Release|Any CPU
		{D4CD9155-5A32-429A-AA18-9E4BF03F1D8D}.Release|x86.ActiveCfg = Release|Any CPU
		{D4CD9155-5A32-429A-AA18-9E4BF03F1D8D}.Release|x86.Build.0 = Release|Any CPU
		{E5F6A7B8-C9D0-1234-5678-9ABCDEF01234}.Debug|Any CPU.ActiveCfg = Debug|Any CPU
		{E5F6A7B8-C9D0-1234-5678-9ABCDEF01234}.Debug|Any CPU.Build.0 = Debug|Any CPU
		{E5F6A7B8-C9D0-1234-5678-9ABCDEF01234}.Debug|x64.ActiveCfg = Debug|Any CPU
		{E5F6A7B8-C9D0-1234-5678-9ABCDEF01234}.Debug|x64.Build.0 = Debug|Any CPU
		{E5F6A7B8-C9D0-1234-5678-9ABCDEF01234}.Debug|x86.ActiveCfg = Debug|Any CPU
		{E5F6A7B8-C9D0-1234-5678-9ABCDEF01234}.Debug|x86.Build.0 = Debug|Any CPU
		{E5F6A7B8-C9D0-1234-5678-9ABCDEF01234}.Release|Any CPU.ActiveCfg = Release|Any CPU
		{E5F6A7B8-C9D0-1234-5678-9ABCDEF01234}.Release|Any CPU.Build.0 = Release|Any CPU
		{E5F6A7B8-C9D0-1234-5678-9ABCDEF01234}.Release|x64.ActiveCfg = Release|Any CPU
		{E5F6A7B8-C9D0-1234-5678-9ABCDEF01234}.Release|x64.Build.0 = Release|Any CPU
		{E5F6A7B8-C9D0-1234-5678-9ABCDEF01234}.Release|x86.ActiveCfg = Release|Any CPU
		{E5F6A7B8-C9D0-1234-5678-9ABCDEF01234}.Release|x86.Build.0 = Release|Any CPU
		{A8B9C0D1-E2F3-4567-89AB-CDEF01234567}.Debug|Any CPU.ActiveCfg = Debug|Any CPU
		{A8B9C0D1-E2F3-4567-89AB-CDEF01234567}.Debug|Any CPU.Build.0 = Debug|Any CPU
		{A8B9C0D1-E2F3-4567-89AB-CDEF01234567}.Debug|x64.ActiveCfg = Debug|Any CPU
		{A8B9C0D1-E2F3-4567-89AB-CDEF01234567}.Debug|x64.Build.0 = Debug|Any CPU
		{A8B9C0D1-E2F3-4567-89AB-CDEF01234567}.Debug|x86.ActiveCfg = Debug|Any CPU
		{A8B9C0D1-E2F3-4567-89AB-CDEF01234567}.Debug|x86.Build.0 = Debug|Any CPU
		{A8B9C0D1-E2F3-4567-89AB-CDEF01234567}.Release|Any CPU.ActiveCfg = Release|Any CPU
		{A8B9C0D1-E2F3-4567-89AB-CDEF01234567}.Release|Any CPU.Build.0 = Release|Any CPU
		{A8B9C0D1-E2F3-4567-89AB-CDEF01234567}.Release|x64.ActiveCfg = Release|Any CPU
		{A8B9C0D1-E2F3-4567-89AB-CDEF01234567}.Release|x64.Build.0 = Release|Any CPU
		{A8B9C0D1-E2F3-4567-89AB-CDEF01234567}.Release|x86.ActiveCfg = Release|Any CPU
		{A8B9C0D1-E2F3-4567-89AB-CDEF01234567}.Release|x86.Build.0 = Release|Any CPU
		{B9C0D1E2-F3A4-5678-9ABC-DEF012345678}.Debug|Any CPU.ActiveCfg = Debug|Any CPU
		{B9C0D1E2-F3A4-5678-9ABC-DEF012345678}.Debug|Any CPU.Build.0 = Debug|Any CPU
		{B9C0D1E2-F3A4-5678-9ABC-DEF012345678}.Debug|x64.ActiveCfg = Debug|Any CPU
		{B9C0D1E2-F3A4-5678-9ABC-DEF012345678}.Debug|x64.Build.0 = Debug|Any CPU
		{B9C0D1E2-F3A4-5678-9ABC-DEF012345678}.Debug|x86.ActiveCfg = Debug|Any CPU
		{B9C0D1E2-F3A4-5678-9ABC-DEF012345678}.Debug|x86.Build.0 = Debug|Any CPU
		{B9C0D1E2-F3A4-5678-9ABC-DEF012345678}.Release|Any CPU.ActiveCfg = Release|Any CPU
		{B9C0D1E2-F3A4-5678-9ABC-DEF012345678}.Release|Any CPU.Build.0 = Release|Any CPU
		{B9C0D1E2-F3A4-5678-9ABC-DEF012345678}.Release|x64.ActiveCfg = Release|Any CPU
		{B9C0D1E2-F3A4-5678-9ABC-DEF012345678}.Release|x64.Build.0 = Release|Any CPU
		{B9C0D1E2-F3A4-5678-9ABC-DEF012345678}.Release|x86.ActiveCfg = Release|Any CPU
		{B9C0D1E2-F3A4-5678-9ABC-DEF012345678}.Release|x86.Build.0 = Release|Any CPU
		{C0D1E2F3-A4B5-6789-ABCD-EF0123456789}.Debug|Any CPU.ActiveCfg = Debug|Any CPU
		{C0D1E2F3-A4B5-6789-ABCD-EF0123456789}.Debug|Any CPU.Build.0 = Debug|Any CPU
		{C0D1E2F3-A4B5-6789-ABCD-EF0123456789}.Debug|x64.ActiveCfg = Debug|Any CPU
		{C0D1E2F3-A4B5-6789-ABCD-EF0123456789}.Debug|x64.Build.0 = Debug|Any CPU
		{C0D1E2F3-A4B5-6789-ABCD-EF0123456789}.Debug|x86.ActiveCfg = Debug|Any CPU
		{C0D1E2F3-A4B5-6789-ABCD-EF0123456789}.Debug|x86.Build.0 = Debug|Any CPU
		{C0D1E2F3-A4B5-6789-ABCD-EF0123456789}.Release|Any CPU.ActiveCfg = Release|Any CPU
		{C0D1E2F3-A4B5-6789-ABCD-EF0123456789}.Release|Any CPU.Build.0 = Release|Any CPU
		{C0D1E2F3-A4B5-6789-ABCD-EF0123456789}.Release|x64.ActiveCfg = Release|Any CPU
		{C0D1E2F3-A4B5-6789-ABCD-EF0123456789}.Release|x64.Build.0 = Release|Any CPU
		{C0D1E2F3-A4B5-6789-ABCD-EF0123456789}.Release|x86.ActiveCfg = Release|Any CPU
		{C0D1E2F3-A4B5-6789-ABCD-EF0123456789}.Release|x86.Build.0 = Release|Any CPU
		{A1B2C3D4-E5F6-7890-ABCD-EF1234567890}.Debug|Any CPU.ActiveCfg = Debug|Any CPU
		{A1B2C3D4-E5F6-7890-ABCD-EF1234567890}.Debug|Any CPU.Build.0 = Debug|Any CPU
		{A1B2C3D4-E5F6-7890-ABCD-EF1234567890}.Debug|x64.ActiveCfg = Debug|Any CPU
		{A1B2C3D4-E5F6-7890-ABCD-EF1234567890}.Debug|x64.Build.0 = Debug|Any CPU
		{A1B2C3D4-E5F6-7890-ABCD-EF1234567890}.Debug|x86.ActiveCfg = Debug|Any CPU
		{A1B2C3D4-E5F6-7890-ABCD-EF1234567890}.Debug|x86.Build.0 = Debug|Any CPU
		{A1B2C3D4-E5F6-7890-ABCD-EF1234567890}.Release|Any CPU.ActiveCfg = Release|Any CPU
		{A1B2C3D4-E5F6-7890-ABCD-EF1234567890}.Release|Any CPU.Build.0 = Release|Any CPU
		{A1B2C3D4-E5F6-7890-ABCD-EF1234567890}.Release|x64.ActiveCfg = Release|Any CPU
		{A1B2C3D4-E5F6-7890-ABCD-EF1234567890}.Release|x64.Build.0 = Release|Any CPU
		{A1B2C3D4-E5F6-7890-ABCD-EF1234567890}.Release|x86.ActiveCfg = Release|Any CPU
		{A1B2C3D4-E5F6-7890-ABCD-EF1234567890}.Release|x86.Build.0 = Release|Any CPU
		{C1D2E3F4-A5B6-7890-C1D2-E3F4A5B67890}.Debug|Any CPU.ActiveCfg = Debug|Any CPU
		{C1D2E3F4-A5B6-7890-C1D2-E3F4A5B67890}.Debug|Any CPU.Build.0 = Debug|Any CPU
		{C1D2E3F4-A5B6-7890-C1D2-E3F4A5B67890}.Debug|x64.ActiveCfg = Debug|Any CPU
		{C1D2E3F4-A5B6-7890-C1D2-E3F4A5B67890}.Debug|x64.Build.0 = Debug|Any CPU
		{C1D2E3F4-A5B6-7890-C1D2-E3F4A5B67890}.Debug|x86.ActiveCfg = Debug|Any CPU
		{C1D2E3F4-A5B6-7890-C1D2-E3F4A5B67890}.Debug|x86.Build.0 = Debug|Any CPU
		{C1D2E3F4-A5B6-7890-C1D2-E3F4A5B67890}.Release|Any CPU.ActiveCfg = Release|Any CPU
		{C1D2E3F4-A5B6-7890-C1D2-E3F4A5B67890}.Release|Any CPU.Build.0 = Release|Any CPU
		{C1D2E3F4-A5B6-7890-C1D2-E3F4A5B67890}.Release|x64.ActiveCfg = Release|Any CPU
		{C1D2E3F4-A5B6-7890-C1D2-E3F4A5B67890}.Release|x64.Build.0 = Release|Any CPU
		{C1D2E3F4-A5B6-7890-C1D2-E3F4A5B67890}.Release|x86.ActiveCfg = Release|Any CPU
		{C1D2E3F4-A5B6-7890-C1D2-E3F4A5B67890}.Release|x86.Build.0 = Release|Any CPU
		{E3F4A5B6-C7D8-9012-E3F4-A5B6C7D89012}.Debug|Any CPU.ActiveCfg = Debug|Any CPU
		{E3F4A5B6-C7D8-9012-E3F4-A5B6C7D89012}.Debug|Any CPU.Build.0 = Debug|Any CPU
		{E3F4A5B6-C7D8-9012-E3F4-A5B6C7D89012}.Debug|x64.ActiveCfg = Debug|Any CPU
		{E3F4A5B6-C7D8-9012-E3F4-A5B6C7D89012}.Debug|x64.Build.0 = Debug|Any CPU
		{E3F4A5B6-C7D8-9012-E3F4-A5B6C7D89012}.Debug|x86.ActiveCfg = Debug|Any CPU
		{E3F4A5B6-C7D8-9012-E3F4-A5B6C7D89012}.Debug|x86.Build.0 = Debug|Any CPU
		{E3F4A5B6-C7D8-9012-E3F4-A5B6C7D89012}.Release|Any CPU.ActiveCfg = Release|Any CPU
		{E3F4A5B6-C7D8-9012-E3F4-A5B6C7D89012}.Release|Any CPU.Build.0 = Release|Any CPU
		{E3F4A5B6-C7D8-9012-E3F4-A5B6C7D89012}.Release|x64.ActiveCfg = Release|Any CPU
		{E3F4A5B6-C7D8-9012-E3F4-A5B6C7D89012}.Release|x64.Build.0 = Release|Any CPU
		{E3F4A5B6-C7D8-9012-E3F4-A5B6C7D89012}.Release|x86.ActiveCfg = Release|Any CPU
		{E3F4A5B6-C7D8-9012-E3F4-A5B6C7D89012}.Release|x86.Build.0 = Release|Any CPU
		{D5E6F7A8-B9C0-1234-DEFA-B01234567890}.Debug|Any CPU.ActiveCfg = Debug|Any CPU
		{D5E6F7A8-B9C0-1234-DEFA-B01234567890}.Debug|Any CPU.Build.0 = Debug|Any CPU
		{D5E6F7A8-B9C0-1234-DEFA-B01234567890}.Debug|x64.ActiveCfg = Debug|Any CPU
		{D5E6F7A8-B9C0-1234-DEFA-B01234567890}.Debug|x64.Build.0 = Debug|Any CPU
		{D5E6F7A8-B9C0-1234-DEFA-B01234567890}.Debug|x86.ActiveCfg = Debug|Any CPU
		{D5E6F7A8-B9C0-1234-DEFA-B01234567890}.Debug|x86.Build.0 = Debug|Any CPU
		{D5E6F7A8-B9C0-1234-DEFA-B01234567890}.Release|Any CPU.ActiveCfg = Release|Any CPU
		{D5E6F7A8-B9C0-1234-DEFA-B01234567890}.Release|Any CPU.Build.0 = Release|Any CPU
		{D5E6F7A8-B9C0-1234-DEFA-B01234567890}.Release|x64.ActiveCfg = Release|Any CPU
		{D5E6F7A8-B9C0-1234-DEFA-B01234567890}.Release|x64.Build.0 = Release|Any CPU
		{D5E6F7A8-B9C0-1234-DEFA-B01234567890}.Release|x86.ActiveCfg = Release|Any CPU
		{D5E6F7A8-B9C0-1234-DEFA-B01234567890}.Release|x86.Build.0 = Release|Any CPU
		{E4F5A6B7-C8D9-0123-EFA1-B23456789012}.Debug|Any CPU.ActiveCfg = Debug|Any CPU
		{E4F5A6B7-C8D9-0123-EFA1-B23456789012}.Debug|Any CPU.Build.0 = Debug|Any CPU
		{E4F5A6B7-C8D9-0123-EFA1-B23456789012}.Debug|x64.ActiveCfg = Debug|Any CPU
		{E4F5A6B7-C8D9-0123-EFA1-B23456789012}.Debug|x64.Build.0 = Debug|Any CPU
		{E4F5A6B7-C8D9-0123-EFA1-B23456789012}.Debug|x86.ActiveCfg = Debug|Any CPU
		{E4F5A6B7-C8D9-0123-EFA1-B23456789012}.Debug|x86.Build.0 = Debug|Any CPU
		{E4F5A6B7-C8D9-0123-EFA1-B23456789012}.Release|Any CPU.ActiveCfg = Release|Any CPU
		{E4F5A6B7-C8D9-0123-EFA1-B23456789012}.Release|Any CPU.Build.0 = Release|Any CPU
		{E4F5A6B7-C8D9-0123-EFA1-B23456789012}.Release|x64.ActiveCfg = Release|Any CPU
		{E4F5A6B7-C8D9-0123-EFA1-B23456789012}.Release|x64.Build.0 = Release|Any CPU
		{E4F5A6B7-C8D9-0123-EFA1-B23456789012}.Release|x86.ActiveCfg = Release|Any CPU
		{E4F5A6B7-C8D9-0123-EFA1-B23456789012}.Release|x86.Build.0 = Release|Any CPU
		{F1A2B3C4-D5E6-7890-F1A2-B3C4D5E67890}.Debug|Any CPU.ActiveCfg = Debug|Any CPU
		{F1A2B3C4-D5E6-7890-F1A2-B3C4D5E67890}.Debug|Any CPU.Build.0 = Debug|Any CPU
		{F1A2B3C4-D5E6-7890-F1A2-B3C4D5E67890}.Debug|x64.ActiveCfg = Debug|Any CPU
		{F1A2B3C4-D5E6-7890-F1A2-B3C4D5E67890}.Debug|x64.Build.0 = Debug|Any CPU
		{F1A2B3C4-D5E6-7890-F1A2-B3C4D5E67890}.Debug|x86.ActiveCfg = Debug|Any CPU
		{F1A2B3C4-D5E6-7890-F1A2-B3C4D5E67890}.Debug|x86.Build.0 = Debug|Any CPU
		{F1A2B3C4-D5E6-7890-F1A2-B3C4D5E67890}.Release|Any CPU.ActiveCfg = Release|Any CPU
		{F1A2B3C4-D5E6-7890-F1A2-B3C4D5E67890}.Release|Any CPU.Build.0 = Release|Any CPU
		{F1A2B3C4-D5E6-7890-F1A2-B3C4D5E67890}.Release|x64.ActiveCfg = Release|Any CPU
		{F1A2B3C4-D5E6-7890-F1A2-B3C4D5E67890}.Release|x64.Build.0 = Release|Any CPU
		{F1A2B3C4-D5E6-7890-F1A2-B3C4D5E67890}.Release|x86.ActiveCfg = Release|Any CPU
		{F1A2B3C4-D5E6-7890-F1A2-B3C4D5E67890}.Release|x86.Build.0 = Release|Any CPU
		{A0B1C2D3-E4F5-6789-A0B1-C2D3E4F56789}.Debug|Any CPU.ActiveCfg = Debug|Any CPU
		{A0B1C2D3-E4F5-6789-A0B1-C2D3E4F56789}.Debug|Any CPU.Build.0 = Debug|Any CPU
		{A0B1C2D3-E4F5-6789-A0B1-C2D3E4F56789}.Debug|x64.ActiveCfg = Debug|Any CPU
		{A0B1C2D3-E4F5-6789-A0B1-C2D3E4F56789}.Debug|x64.Build.0 = Debug|Any CPU
		{A0B1C2D3-E4F5-6789-A0B1-C2D3E4F56789}.Debug|x86.ActiveCfg = Debug|Any CPU
		{A0B1C2D3-E4F5-6789-A0B1-C2D3E4F56789}.Debug|x86.Build.0 = Debug|Any CPU
		{A0B1C2D3-E4F5-6789-A0B1-C2D3E4F56789}.Release|Any CPU.ActiveCfg = Release|Any CPU
		{A0B1C2D3-E4F5-6789-A0B1-C2D3E4F56789}.Release|Any CPU.Build.0 = Release|Any CPU
		{A0B1C2D3-E4F5-6789-A0B1-C2D3E4F56789}.Release|x64.ActiveCfg = Release|Any CPU
		{A0B1C2D3-E4F5-6789-A0B1-C2D3E4F56789}.Release|x64.Build.0 = Release|Any CPU
		{A0B1C2D3-E4F5-6789-A0B1-C2D3E4F56789}.Release|x86.ActiveCfg = Release|Any CPU
		{A0B1C2D3-E4F5-6789-A0B1-C2D3E4F56789}.Release|x86.Build.0 = Release|Any CPU
		{CE000001-CE00-CE00-CE00-CE0000000001}.Debug|Any CPU.ActiveCfg = Debug|Any CPU
		{CE000001-CE00-CE00-CE00-CE0000000001}.Debug|Any CPU.Build.0 = Debug|Any CPU
		{CE000001-CE00-CE00-CE00-CE0000000001}.Debug|x64.ActiveCfg = Debug|Any CPU
		{CE000001-CE00-CE00-CE00-CE0000000001}.Debug|x64.Build.0 = Debug|Any CPU
		{CE000001-CE00-CE00-CE00-CE0000000001}.Debug|x86.ActiveCfg = Debug|Any CPU
		{CE000001-CE00-CE00-CE00-CE0000000001}.Debug|x86.Build.0 = Debug|Any CPU
		{CE000001-CE00-CE00-CE00-CE0000000001}.Release|Any CPU.ActiveCfg = Release|Any CPU
		{CE000001-CE00-CE00-CE00-CE0000000001}.Release|Any CPU.Build.0 = Release|Any CPU
		{CE000001-CE00-CE00-CE00-CE0000000001}.Release|x64.ActiveCfg = Release|Any CPU
		{CE000001-CE00-CE00-CE00-CE0000000001}.Release|x64.Build.0 = Release|Any CPU
		{CE000001-CE00-CE00-CE00-CE0000000001}.Release|x86.ActiveCfg = Release|Any CPU
		{CE000001-CE00-CE00-CE00-CE0000000001}.Release|x86.Build.0 = Release|Any CPU
		{E4516B00-A775-426E-B9A0-4CB5B4E312FE}.Debug|Any CPU.ActiveCfg = Debug|Any CPU
		{E4516B00-A775-426E-B9A0-4CB5B4E312FE}.Debug|Any CPU.Build.0 = Debug|Any CPU
		{E4516B00-A775-426E-B9A0-4CB5B4E312FE}.Debug|x64.ActiveCfg = Debug|Any CPU
		{E4516B00-A775-426E-B9A0-4CB5B4E312FE}.Debug|x64.Build.0 = Debug|Any CPU
		{E4516B00-A775-426E-B9A0-4CB5B4E312FE}.Debug|x86.ActiveCfg = Debug|Any CPU
		{E4516B00-A775-426E-B9A0-4CB5B4E312FE}.Debug|x86.Build.0 = Debug|Any CPU
		{E4516B00-A775-426E-B9A0-4CB5B4E312FE}.Release|Any CPU.ActiveCfg = Release|Any CPU
		{E4516B00-A775-426E-B9A0-4CB5B4E312FE}.Release|Any CPU.Build.0 = Release|Any CPU
		{E4516B00-A775-426E-B9A0-4CB5B4E312FE}.Release|x64.ActiveCfg = Release|Any CPU
		{E4516B00-A775-426E-B9A0-4CB5B4E312FE}.Release|x64.Build.0 = Release|Any CPU
		{E4516B00-A775-426E-B9A0-4CB5B4E312FE}.Release|x86.ActiveCfg = Release|Any CPU
		{E4516B00-A775-426E-B9A0-4CB5B4E312FE}.Release|x86.Build.0 = Release|Any CPU
		{FA100001-FA10-FA10-FA10-FA1000000001}.Debug|Any CPU.ActiveCfg = Debug|Any CPU
		{FA100001-FA10-FA10-FA10-FA1000000001}.Debug|Any CPU.Build.0 = Debug|Any CPU
		{FA100001-FA10-FA10-FA10-FA1000000001}.Debug|x64.ActiveCfg = Debug|Any CPU
		{FA100001-FA10-FA10-FA10-FA1000000001}.Debug|x64.Build.0 = Debug|Any CPU
		{FA100001-FA10-FA10-FA10-FA1000000001}.Debug|x86.ActiveCfg = Debug|Any CPU
		{FA100001-FA10-FA10-FA10-FA1000000001}.Debug|x86.Build.0 = Debug|Any CPU
		{FA100001-FA10-FA10-FA10-FA1000000001}.Release|Any CPU.ActiveCfg = Release|Any CPU
		{FA100001-FA10-FA10-FA10-FA1000000001}.Release|Any CPU.Build.0 = Release|Any CPU
		{FA100001-FA10-FA10-FA10-FA1000000001}.Release|x64.ActiveCfg = Release|Any CPU
		{FA100001-FA10-FA10-FA10-FA1000000001}.Release|x64.Build.0 = Release|Any CPU
		{FA100001-FA10-FA10-FA10-FA1000000001}.Release|x86.ActiveCfg = Release|Any CPU
		{FA100001-FA10-FA10-FA10-FA1000000001}.Release|x86.Build.0 = Release|Any CPU
		{A93ED383-693F-4D75-A035-60BAB7E17D72}.Debug|Any CPU.ActiveCfg = Debug|Any CPU
		{A93ED383-693F-4D75-A035-60BAB7E17D72}.Debug|Any CPU.Build.0 = Debug|Any CPU
		{A93ED383-693F-4D75-A035-60BAB7E17D72}.Debug|x64.ActiveCfg = Debug|Any CPU
		{A93ED383-693F-4D75-A035-60BAB7E17D72}.Debug|x64.Build.0 = Debug|Any CPU
		{A93ED383-693F-4D75-A035-60BAB7E17D72}.Debug|x86.ActiveCfg = Debug|Any CPU
		{A93ED383-693F-4D75-A035-60BAB7E17D72}.Debug|x86.Build.0 = Debug|Any CPU
		{A93ED383-693F-4D75-A035-60BAB7E17D72}.Release|Any CPU.ActiveCfg = Release|Any CPU
		{A93ED383-693F-4D75-A035-60BAB7E17D72}.Release|Any CPU.Build.0 = Release|Any CPU
		{A93ED383-693F-4D75-A035-60BAB7E17D72}.Release|x64.ActiveCfg = Release|Any CPU
		{A93ED383-693F-4D75-A035-60BAB7E17D72}.Release|x64.Build.0 = Release|Any CPU
		{A93ED383-693F-4D75-A035-60BAB7E17D72}.Release|x86.ActiveCfg = Release|Any CPU
		{A93ED383-693F-4D75-A035-60BAB7E17D72}.Release|x86.Build.0 = Release|Any CPU
		{47D236DA-09DA-4A6E-A3B4-26F77D4D0C49}.Debug|Any CPU.ActiveCfg = Debug|Any CPU
		{47D236DA-09DA-4A6E-A3B4-26F77D4D0C49}.Debug|Any CPU.Build.0 = Debug|Any CPU
		{47D236DA-09DA-4A6E-A3B4-26F77D4D0C49}.Debug|x64.ActiveCfg = Debug|Any CPU
		{47D236DA-09DA-4A6E-A3B4-26F77D4D0C49}.Debug|x64.Build.0 = Debug|Any CPU
		{47D236DA-09DA-4A6E-A3B4-26F77D4D0C49}.Debug|x86.ActiveCfg = Debug|Any CPU
		{47D236DA-09DA-4A6E-A3B4-26F77D4D0C49}.Debug|x86.Build.0 = Debug|Any CPU
		{47D236DA-09DA-4A6E-A3B4-26F77D4D0C49}.Release|Any CPU.ActiveCfg = Release|Any CPU
		{47D236DA-09DA-4A6E-A3B4-26F77D4D0C49}.Release|Any CPU.Build.0 = Release|Any CPU
		{47D236DA-09DA-4A6E-A3B4-26F77D4D0C49}.Release|x64.ActiveCfg = Release|Any CPU
		{47D236DA-09DA-4A6E-A3B4-26F77D4D0C49}.Release|x64.Build.0 = Release|Any CPU
		{47D236DA-09DA-4A6E-A3B4-26F77D4D0C49}.Release|x86.ActiveCfg = Release|Any CPU
		{47D236DA-09DA-4A6E-A3B4-26F77D4D0C49}.Release|x86.Build.0 = Release|Any CPU
		{D57AA8EE-8C82-47BD-87F4-870E1E46056A}.Debug|Any CPU.ActiveCfg = Debug|Any CPU
		{D57AA8EE-8C82-47BD-87F4-870E1E46056A}.Debug|Any CPU.Build.0 = Debug|Any CPU
		{D57AA8EE-8C82-47BD-87F4-870E1E46056A}.Debug|x64.ActiveCfg = Debug|Any CPU
		{D57AA8EE-8C82-47BD-87F4-870E1E46056A}.Debug|x64.Build.0 = Debug|Any CPU
		{D57AA8EE-8C82-47BD-87F4-870E1E46056A}.Debug|x86.ActiveCfg = Debug|Any CPU
		{D57AA8EE-8C82-47BD-87F4-870E1E46056A}.Debug|x86.Build.0 = Debug|Any CPU
		{D57AA8EE-8C82-47BD-87F4-870E1E46056A}.Release|Any CPU.ActiveCfg = Release|Any CPU
		{D57AA8EE-8C82-47BD-87F4-870E1E46056A}.Release|Any CPU.Build.0 = Release|Any CPU
		{D57AA8EE-8C82-47BD-87F4-870E1E46056A}.Release|x64.ActiveCfg = Release|Any CPU
		{D57AA8EE-8C82-47BD-87F4-870E1E46056A}.Release|x64.Build.0 = Release|Any CPU
		{D57AA8EE-8C82-47BD-87F4-870E1E46056A}.Release|x86.ActiveCfg = Release|Any CPU
		{D57AA8EE-8C82-47BD-87F4-870E1E46056A}.Release|x86.Build.0 = Release|Any CPU
		{A1B2C3D4-E5F6-7891-ABCD-EF1234567891}.Debug|Any CPU.ActiveCfg = Debug|Any CPU
		{A1B2C3D4-E5F6-7891-ABCD-EF1234567891}.Debug|Any CPU.Build.0 = Debug|Any CPU
		{A1B2C3D4-E5F6-7891-ABCD-EF1234567891}.Debug|x64.ActiveCfg = Debug|Any CPU
		{A1B2C3D4-E5F6-7891-ABCD-EF1234567891}.Debug|x64.Build.0 = Debug|Any CPU
		{A1B2C3D4-E5F6-7891-ABCD-EF1234567891}.Debug|x86.ActiveCfg = Debug|Any CPU
		{A1B2C3D4-E5F6-7891-ABCD-EF1234567891}.Debug|x86.Build.0 = Debug|Any CPU
		{A1B2C3D4-E5F6-7891-ABCD-EF1234567891}.Release|Any CPU.ActiveCfg = Release|Any CPU
		{A1B2C3D4-E5F6-7891-ABCD-EF1234567891}.Release|Any CPU.Build.0 = Release|Any CPU
		{A1B2C3D4-E5F6-7891-ABCD-EF1234567891}.Release|x64.ActiveCfg = Release|Any CPU
		{A1B2C3D4-E5F6-7891-ABCD-EF1234567891}.Release|x64.Build.0 = Release|Any CPU
		{A1B2C3D4-E5F6-7891-ABCD-EF1234567891}.Release|x86.ActiveCfg = Release|Any CPU
		{A1B2C3D4-E5F6-7891-ABCD-EF1234567891}.Release|x86.Build.0 = Release|Any CPU
		{B2C3D4E5-F6A7-8902-BCDE-F01234567891}.Debug|Any CPU.ActiveCfg = Debug|Any CPU
		{B2C3D4E5-F6A7-8902-BCDE-F01234567891}.Debug|Any CPU.Build.0 = Debug|Any CPU
		{B2C3D4E5-F6A7-8902-BCDE-F01234567891}.Debug|x64.ActiveCfg = Debug|Any CPU
		{B2C3D4E5-F6A7-8902-BCDE-F01234567891}.Debug|x64.Build.0 = Debug|Any CPU
		{B2C3D4E5-F6A7-8902-BCDE-F01234567891}.Debug|x86.ActiveCfg = Debug|Any CPU
		{B2C3D4E5-F6A7-8902-BCDE-F01234567891}.Debug|x86.Build.0 = Debug|Any CPU
		{B2C3D4E5-F6A7-8902-BCDE-F01234567891}.Release|Any CPU.ActiveCfg = Release|Any CPU
		{B2C3D4E5-F6A7-8902-BCDE-F01234567891}.Release|Any CPU.Build.0 = Release|Any CPU
		{B2C3D4E5-F6A7-8902-BCDE-F01234567891}.Release|x64.ActiveCfg = Release|Any CPU
		{B2C3D4E5-F6A7-8902-BCDE-F01234567891}.Release|x64.Build.0 = Release|Any CPU
		{B2C3D4E5-F6A7-8902-BCDE-F01234567891}.Release|x86.ActiveCfg = Release|Any CPU
		{B2C3D4E5-F6A7-8902-BCDE-F01234567891}.Release|x86.Build.0 = Release|Any CPU
		{C3D4E5F6-A7B8-9013-CDEF-012345678912}.Debug|Any CPU.ActiveCfg = Debug|Any CPU
		{C3D4E5F6-A7B8-9013-CDEF-012345678912}.Debug|Any CPU.Build.0 = Debug|Any CPU
		{C3D4E5F6-A7B8-9013-CDEF-012345678912}.Debug|x64.ActiveCfg = Debug|Any CPU
		{C3D4E5F6-A7B8-9013-CDEF-012345678912}.Debug|x64.Build.0 = Debug|Any CPU
		{C3D4E5F6-A7B8-9013-CDEF-012345678912}.Debug|x86.ActiveCfg = Debug|Any CPU
		{C3D4E5F6-A7B8-9013-CDEF-012345678912}.Debug|x86.Build.0 = Debug|Any CPU
		{C3D4E5F6-A7B8-9013-CDEF-012345678912}.Release|Any CPU.ActiveCfg = Release|Any CPU
		{C3D4E5F6-A7B8-9013-CDEF-012345678912}.Release|Any CPU.Build.0 = Release|Any CPU
		{C3D4E5F6-A7B8-9013-CDEF-012345678912}.Release|x64.ActiveCfg = Release|Any CPU
		{C3D4E5F6-A7B8-9013-CDEF-012345678912}.Release|x64.Build.0 = Release|Any CPU
		{C3D4E5F6-A7B8-9013-CDEF-012345678912}.Release|x86.ActiveCfg = Release|Any CPU
		{C3D4E5F6-A7B8-9013-CDEF-012345678912}.Release|x86.Build.0 = Release|Any CPU
		{D4E5F6A7-B8C9-0124-DEF0-123456789123}.Debug|Any CPU.ActiveCfg = Debug|Any CPU
		{D4E5F6A7-B8C9-0124-DEF0-123456789123}.Debug|Any CPU.Build.0 = Debug|Any CPU
		{D4E5F6A7-B8C9-0124-DEF0-123456789123}.Debug|x64.ActiveCfg = Debug|Any CPU
		{D4E5F6A7-B8C9-0124-DEF0-123456789123}.Debug|x64.Build.0 = Debug|Any CPU
		{D4E5F6A7-B8C9-0124-DEF0-123456789123}.Debug|x86.ActiveCfg = Debug|Any CPU
		{D4E5F6A7-B8C9-0124-DEF0-123456789123}.Debug|x86.Build.0 = Debug|Any CPU
		{D4E5F6A7-B8C9-0124-DEF0-123456789123}.Release|Any CPU.ActiveCfg = Release|Any CPU
		{D4E5F6A7-B8C9-0124-DEF0-123456789123}.Release|Any CPU.Build.0 = Release|Any CPU
		{D4E5F6A7-B8C9-0124-DEF0-123456789123}.Release|x64.ActiveCfg = Release|Any CPU
		{D4E5F6A7-B8C9-0124-DEF0-123456789123}.Release|x64.Build.0 = Release|Any CPU
		{D4E5F6A7-B8C9-0124-DEF0-123456789123}.Release|x86.ActiveCfg = Release|Any CPU
		{D4E5F6A7-B8C9-0124-DEF0-123456789123}.Release|x86.Build.0 = Release|Any CPU
		{E5F6A7B8-C9D0-1235-EF01-234567890134}.Debug|Any CPU.ActiveCfg = Debug|Any CPU
		{E5F6A7B8-C9D0-1235-EF01-234567890134}.Debug|Any CPU.Build.0 = Debug|Any CPU
		{E5F6A7B8-C9D0-1235-EF01-234567890134}.Debug|x64.ActiveCfg = Debug|Any CPU
		{E5F6A7B8-C9D0-1235-EF01-234567890134}.Debug|x64.Build.0 = Debug|Any CPU
		{E5F6A7B8-C9D0-1235-EF01-234567890134}.Debug|x86.ActiveCfg = Debug|Any CPU
		{E5F6A7B8-C9D0-1235-EF01-234567890134}.Debug|x86.Build.0 = Debug|Any CPU
		{E5F6A7B8-C9D0-1235-EF01-234567890134}.Release|Any CPU.ActiveCfg = Release|Any CPU
		{E5F6A7B8-C9D0-1235-EF01-234567890134}.Release|Any CPU.Build.0 = Release|Any CPU
		{E5F6A7B8-C9D0-1235-EF01-234567890134}.Release|x64.ActiveCfg = Release|Any CPU
		{E5F6A7B8-C9D0-1235-EF01-234567890134}.Release|x64.Build.0 = Release|Any CPU
		{E5F6A7B8-C9D0-1235-EF01-234567890134}.Release|x86.ActiveCfg = Release|Any CPU
		{E5F6A7B8-C9D0-1235-EF01-234567890134}.Release|x86.Build.0 = Release|Any CPU
		{F6A7B8C9-D0E1-2346-F012-345678901245}.Debug|Any CPU.ActiveCfg = Debug|Any CPU
		{F6A7B8C9-D0E1-2346-F012-345678901245}.Debug|Any CPU.Build.0 = Debug|Any CPU
		{F6A7B8C9-D0E1-2346-F012-345678901245}.Debug|x64.ActiveCfg = Debug|Any CPU
		{F6A7B8C9-D0E1-2346-F012-345678901245}.Debug|x64.Build.0 = Debug|Any CPU
		{F6A7B8C9-D0E1-2346-F012-345678901245}.Debug|x86.ActiveCfg = Debug|Any CPU
		{F6A7B8C9-D0E1-2346-F012-345678901245}.Debug|x86.Build.0 = Debug|Any CPU
		{F6A7B8C9-D0E1-2346-F012-345678901245}.Release|Any CPU.ActiveCfg = Release|Any CPU
		{F6A7B8C9-D0E1-2346-F012-345678901245}.Release|Any CPU.Build.0 = Release|Any CPU
		{F6A7B8C9-D0E1-2346-F012-345678901245}.Release|x64.ActiveCfg = Release|Any CPU
		{F6A7B8C9-D0E1-2346-F012-345678901245}.Release|x64.Build.0 = Release|Any CPU
		{F6A7B8C9-D0E1-2346-F012-345678901245}.Release|x86.ActiveCfg = Release|Any CPU
		{F6A7B8C9-D0E1-2346-F012-345678901245}.Release|x86.Build.0 = Release|Any CPU
		{6EC3D93D-9B7B-43C4-8F2D-10F726E1E8FB}.Debug|Any CPU.ActiveCfg = Debug|Any CPU
		{6EC3D93D-9B7B-43C4-8F2D-10F726E1E8FB}.Debug|Any CPU.Build.0 = Debug|Any CPU
		{6EC3D93D-9B7B-43C4-8F2D-10F726E1E8FB}.Debug|x64.ActiveCfg = Debug|Any CPU
		{6EC3D93D-9B7B-43C4-8F2D-10F726E1E8FB}.Debug|x64.Build.0 = Debug|Any CPU
		{6EC3D93D-9B7B-43C4-8F2D-10F726E1E8FB}.Debug|x86.ActiveCfg = Debug|Any CPU
		{6EC3D93D-9B7B-43C4-8F2D-10F726E1E8FB}.Debug|x86.Build.0 = Debug|Any CPU
		{6EC3D93D-9B7B-43C4-8F2D-10F726E1E8FB}.Release|Any CPU.ActiveCfg = Release|Any CPU
		{6EC3D93D-9B7B-43C4-8F2D-10F726E1E8FB}.Release|Any CPU.Build.0 = Release|Any CPU
		{6EC3D93D-9B7B-43C4-8F2D-10F726E1E8FB}.Release|x64.ActiveCfg = Release|Any CPU
		{6EC3D93D-9B7B-43C4-8F2D-10F726E1E8FB}.Release|x64.Build.0 = Release|Any CPU
		{6EC3D93D-9B7B-43C4-8F2D-10F726E1E8FB}.Release|x86.ActiveCfg = Release|Any CPU
		{6EC3D93D-9B7B-43C4-8F2D-10F726E1E8FB}.Release|x86.Build.0 = Release|Any CPU
		{F0E1D2C3-B4A5-9876-F0E1-D2C3B4A59876}.Debug|Any CPU.ActiveCfg = Debug|Any CPU
		{F0E1D2C3-B4A5-9876-F0E1-D2C3B4A59876}.Debug|Any CPU.Build.0 = Debug|Any CPU
		{F0E1D2C3-B4A5-9876-F0E1-D2C3B4A59876}.Debug|x64.ActiveCfg = Debug|Any CPU
		{F0E1D2C3-B4A5-9876-F0E1-D2C3B4A59876}.Debug|x64.Build.0 = Debug|Any CPU
		{F0E1D2C3-B4A5-9876-F0E1-D2C3B4A59876}.Debug|x86.ActiveCfg = Debug|Any CPU
		{F0E1D2C3-B4A5-9876-F0E1-D2C3B4A59876}.Debug|x86.Build.0 = Debug|Any CPU
		{F0E1D2C3-B4A5-9876-F0E1-D2C3B4A59876}.Release|Any CPU.ActiveCfg = Release|Any CPU
		{F0E1D2C3-B4A5-9876-F0E1-D2C3B4A59876}.Release|Any CPU.Build.0 = Release|Any CPU
		{F0E1D2C3-B4A5-9876-F0E1-D2C3B4A59876}.Release|x64.ActiveCfg = Release|Any CPU
		{F0E1D2C3-B4A5-9876-F0E1-D2C3B4A59876}.Release|x64.Build.0 = Release|Any CPU
		{F0E1D2C3-B4A5-9876-F0E1-D2C3B4A59876}.Release|x86.ActiveCfg = Release|Any CPU
		{F0E1D2C3-B4A5-9876-F0E1-D2C3B4A59876}.Release|x86.Build.0 = Release|Any CPU
		{AA000001-AA00-AA00-AA00-AA0000000001}.Debug|Any CPU.ActiveCfg = Debug|Any CPU
		{AA000001-AA00-AA00-AA00-AA0000000001}.Debug|Any CPU.Build.0 = Debug|Any CPU
		{AA000001-AA00-AA00-AA00-AA0000000001}.Debug|x64.ActiveCfg = Debug|Any CPU
		{AA000001-AA00-AA00-AA00-AA0000000001}.Debug|x64.Build.0 = Debug|Any CPU
		{AA000001-AA00-AA00-AA00-AA0000000001}.Debug|x86.ActiveCfg = Debug|Any CPU
		{AA000001-AA00-AA00-AA00-AA0000000001}.Debug|x86.Build.0 = Debug|Any CPU
		{AA000001-AA00-AA00-AA00-AA0000000001}.Release|Any CPU.ActiveCfg = Release|Any CPU
		{AA000001-AA00-AA00-AA00-AA0000000001}.Release|Any CPU.Build.0 = Release|Any CPU
		{AA000001-AA00-AA00-AA00-AA0000000001}.Release|x64.ActiveCfg = Release|Any CPU
		{AA000001-AA00-AA00-AA00-AA0000000001}.Release|x64.Build.0 = Release|Any CPU
		{AA000001-AA00-AA00-AA00-AA0000000001}.Release|x86.ActiveCfg = Release|Any CPU
		{AA000001-AA00-AA00-AA00-AA0000000001}.Release|x86.Build.0 = Release|Any CPU
		{AA000006-AA00-AA00-AA00-AA0000000006}.Debug|Any CPU.ActiveCfg = Debug|Any CPU
		{AA000006-AA00-AA00-AA00-AA0000000006}.Debug|Any CPU.Build.0 = Debug|Any CPU
		{AA000006-AA00-AA00-AA00-AA0000000006}.Debug|x64.ActiveCfg = Debug|Any CPU
		{AA000006-AA00-AA00-AA00-AA0000000006}.Debug|x64.Build.0 = Debug|Any CPU
		{AA000006-AA00-AA00-AA00-AA0000000006}.Debug|x86.ActiveCfg = Debug|Any CPU
		{AA000006-AA00-AA00-AA00-AA0000000006}.Debug|x86.Build.0 = Debug|Any CPU
		{AA000006-AA00-AA00-AA00-AA0000000006}.Release|Any CPU.ActiveCfg = Release|Any CPU
		{AA000006-AA00-AA00-AA00-AA0000000006}.Release|Any CPU.Build.0 = Release|Any CPU
		{AA000006-AA00-AA00-AA00-AA0000000006}.Release|x64.ActiveCfg = Release|Any CPU
		{AA000006-AA00-AA00-AA00-AA0000000006}.Release|x64.Build.0 = Release|Any CPU
		{AA000006-AA00-AA00-AA00-AA0000000006}.Release|x86.ActiveCfg = Release|Any CPU
		{AA000006-AA00-AA00-AA00-AA0000000006}.Release|x86.Build.0 = Release|Any CPU
		{AA000002-AA00-AA00-AA00-AA0000000002}.Debug|Any CPU.ActiveCfg = Debug|Any CPU
		{AA000002-AA00-AA00-AA00-AA0000000002}.Debug|Any CPU.Build.0 = Debug|Any CPU
		{AA000002-AA00-AA00-AA00-AA0000000002}.Debug|x64.ActiveCfg = Debug|Any CPU
		{AA000002-AA00-AA00-AA00-AA0000000002}.Debug|x64.Build.0 = Debug|Any CPU
		{AA000002-AA00-AA00-AA00-AA0000000002}.Debug|x86.ActiveCfg = Debug|Any CPU
		{AA000002-AA00-AA00-AA00-AA0000000002}.Debug|x86.Build.0 = Debug|Any CPU
		{AA000002-AA00-AA00-AA00-AA0000000002}.Release|Any CPU.ActiveCfg = Release|Any CPU
		{AA000002-AA00-AA00-AA00-AA0000000002}.Release|Any CPU.Build.0 = Release|Any CPU
		{AA000002-AA00-AA00-AA00-AA0000000002}.Release|x64.ActiveCfg = Release|Any CPU
		{AA000002-AA00-AA00-AA00-AA0000000002}.Release|x64.Build.0 = Release|Any CPU
		{AA000002-AA00-AA00-AA00-AA0000000002}.Release|x86.ActiveCfg = Release|Any CPU
		{AA000002-AA00-AA00-AA00-AA0000000002}.Release|x86.Build.0 = Release|Any CPU
		{AA000003-AA00-AA00-AA00-AA0000000003}.Debug|Any CPU.ActiveCfg = Debug|Any CPU
		{AA000003-AA00-AA00-AA00-AA0000000003}.Debug|Any CPU.Build.0 = Debug|Any CPU
		{AA000003-AA00-AA00-AA00-AA0000000003}.Debug|x64.ActiveCfg = Debug|Any CPU
		{AA000003-AA00-AA00-AA00-AA0000000003}.Debug|x64.Build.0 = Debug|Any CPU
		{AA000003-AA00-AA00-AA00-AA0000000003}.Debug|x86.ActiveCfg = Debug|Any CPU
		{AA000003-AA00-AA00-AA00-AA0000000003}.Debug|x86.Build.0 = Debug|Any CPU
		{AA000003-AA00-AA00-AA00-AA0000000003}.Release|Any CPU.ActiveCfg = Release|Any CPU
		{AA000003-AA00-AA00-AA00-AA0000000003}.Release|Any CPU.Build.0 = Release|Any CPU
		{AA000003-AA00-AA00-AA00-AA0000000003}.Release|x64.ActiveCfg = Release|Any CPU
		{AA000003-AA00-AA00-AA00-AA0000000003}.Release|x64.Build.0 = Release|Any CPU
		{AA000003-AA00-AA00-AA00-AA0000000003}.Release|x86.ActiveCfg = Release|Any CPU
		{AA000003-AA00-AA00-AA00-AA0000000003}.Release|x86.Build.0 = Release|Any CPU
		{AA000008-AA00-AA00-AA00-AA0000000008}.Debug|Any CPU.ActiveCfg = Debug|Any CPU
		{AA000008-AA00-AA00-AA00-AA0000000008}.Debug|Any CPU.Build.0 = Debug|Any CPU
		{AA000008-AA00-AA00-AA00-AA0000000008}.Debug|x64.ActiveCfg = Debug|Any CPU
		{AA000008-AA00-AA00-AA00-AA0000000008}.Debug|x64.Build.0 = Debug|Any CPU
		{AA000008-AA00-AA00-AA00-AA0000000008}.Debug|x86.ActiveCfg = Debug|Any CPU
		{AA000008-AA00-AA00-AA00-AA0000000008}.Debug|x86.Build.0 = Debug|Any CPU
		{AA000008-AA00-AA00-AA00-AA0000000008}.Release|Any CPU.ActiveCfg = Release|Any CPU
		{AA000008-AA00-AA00-AA00-AA0000000008}.Release|Any CPU.Build.0 = Release|Any CPU
		{AA000008-AA00-AA00-AA00-AA0000000008}.Release|x64.ActiveCfg = Release|Any CPU
		{AA000008-AA00-AA00-AA00-AA0000000008}.Release|x64.Build.0 = Release|Any CPU
		{AA000008-AA00-AA00-AA00-AA0000000008}.Release|x86.ActiveCfg = Release|Any CPU
		{AA000008-AA00-AA00-AA00-AA0000000008}.Release|x86.Build.0 = Release|Any CPU
		{AA000009-AA00-AA00-AA00-AA0000000009}.Debug|Any CPU.ActiveCfg = Debug|Any CPU
		{AA000009-AA00-AA00-AA00-AA0000000009}.Debug|Any CPU.Build.0 = Debug|Any CPU
		{AA000009-AA00-AA00-AA00-AA0000000009}.Debug|x64.ActiveCfg = Debug|Any CPU
		{AA000009-AA00-AA00-AA00-AA0000000009}.Debug|x64.Build.0 = Debug|Any CPU
		{AA000009-AA00-AA00-AA00-AA0000000009}.Debug|x86.ActiveCfg = Debug|Any CPU
		{AA000009-AA00-AA00-AA00-AA0000000009}.Debug|x86.Build.0 = Debug|Any CPU
		{AA000009-AA00-AA00-AA00-AA0000000009}.Release|Any CPU.ActiveCfg = Release|Any CPU
		{AA000009-AA00-AA00-AA00-AA0000000009}.Release|Any CPU.Build.0 = Release|Any CPU
		{AA000009-AA00-AA00-AA00-AA0000000009}.Release|x64.ActiveCfg = Release|Any CPU
		{AA000009-AA00-AA00-AA00-AA0000000009}.Release|x64.Build.0 = Release|Any CPU
		{AA000009-AA00-AA00-AA00-AA0000000009}.Release|x86.ActiveCfg = Release|Any CPU
		{AA000009-AA00-AA00-AA00-AA0000000009}.Release|x86.Build.0 = Release|Any CPU
		{AA000004-AA00-AA00-AA00-AA0000000004}.Debug|Any CPU.ActiveCfg = Debug|Any CPU
		{AA000004-AA00-AA00-AA00-AA0000000004}.Debug|Any CPU.Build.0 = Debug|Any CPU
		{AA000004-AA00-AA00-AA00-AA0000000004}.Debug|x64.ActiveCfg = Debug|Any CPU
		{AA000004-AA00-AA00-AA00-AA0000000004}.Debug|x64.Build.0 = Debug|Any CPU
		{AA000004-AA00-AA00-AA00-AA0000000004}.Debug|x86.ActiveCfg = Debug|Any CPU
		{AA000004-AA00-AA00-AA00-AA0000000004}.Debug|x86.Build.0 = Debug|Any CPU
		{AA000004-AA00-AA00-AA00-AA0000000004}.Release|Any CPU.ActiveCfg = Release|Any CPU
		{AA000004-AA00-AA00-AA00-AA0000000004}.Release|Any CPU.Build.0 = Release|Any CPU
		{AA000004-AA00-AA00-AA00-AA0000000004}.Release|x64.ActiveCfg = Release|Any CPU
		{AA000004-AA00-AA00-AA00-AA0000000004}.Release|x64.Build.0 = Release|Any CPU
		{AA000004-AA00-AA00-AA00-AA0000000004}.Release|x86.ActiveCfg = Release|Any CPU
		{AA000004-AA00-AA00-AA00-AA0000000004}.Release|x86.Build.0 = Release|Any CPU
		{AA000005-AA00-AA00-AA00-AA0000000005}.Debug|Any CPU.ActiveCfg = Debug|Any CPU
		{AA000005-AA00-AA00-AA00-AA0000000005}.Debug|Any CPU.Build.0 = Debug|Any CPU
		{AA000005-AA00-AA00-AA00-AA0000000005}.Debug|x64.ActiveCfg = Debug|Any CPU
		{AA000005-AA00-AA00-AA00-AA0000000005}.Debug|x64.Build.0 = Debug|Any CPU
		{AA000005-AA00-AA00-AA00-AA0000000005}.Debug|x86.ActiveCfg = Debug|Any CPU
		{AA000005-AA00-AA00-AA00-AA0000000005}.Debug|x86.Build.0 = Debug|Any CPU
		{AA000005-AA00-AA00-AA00-AA0000000005}.Release|Any CPU.ActiveCfg = Release|Any CPU
		{AA000005-AA00-AA00-AA00-AA0000000005}.Release|Any CPU.Build.0 = Release|Any CPU
		{AA000005-AA00-AA00-AA00-AA0000000005}.Release|x64.ActiveCfg = Release|Any CPU
		{AA000005-AA00-AA00-AA00-AA0000000005}.Release|x64.Build.0 = Release|Any CPU
		{AA000005-AA00-AA00-AA00-AA0000000005}.Release|x86.ActiveCfg = Release|Any CPU
		{AA000005-AA00-AA00-AA00-AA0000000005}.Release|x86.Build.0 = Release|Any CPU
		{0CF47511-E15E-49A4-AAF7-68C914804463}.Debug|Any CPU.ActiveCfg = Debug|Any CPU
		{0CF47511-E15E-49A4-AAF7-68C914804463}.Debug|Any CPU.Build.0 = Debug|Any CPU
		{0CF47511-E15E-49A4-AAF7-68C914804463}.Debug|x64.ActiveCfg = Debug|Any CPU
		{0CF47511-E15E-49A4-AAF7-68C914804463}.Debug|x64.Build.0 = Debug|Any CPU
		{0CF47511-E15E-49A4-AAF7-68C914804463}.Debug|x86.ActiveCfg = Debug|Any CPU
		{0CF47511-E15E-49A4-AAF7-68C914804463}.Debug|x86.Build.0 = Debug|Any CPU
		{0CF47511-E15E-49A4-AAF7-68C914804463}.Release|Any CPU.ActiveCfg = Release|Any CPU
		{0CF47511-E15E-49A4-AAF7-68C914804463}.Release|Any CPU.Build.0 = Release|Any CPU
		{0CF47511-E15E-49A4-AAF7-68C914804463}.Release|x64.ActiveCfg = Release|Any CPU
		{0CF47511-E15E-49A4-AAF7-68C914804463}.Release|x64.Build.0 = Release|Any CPU
		{0CF47511-E15E-49A4-AAF7-68C914804463}.Release|x86.ActiveCfg = Release|Any CPU
		{0CF47511-E15E-49A4-AAF7-68C914804463}.Release|x86.Build.0 = Release|Any CPU
		{E7390CBF-5931-4EBB-AFCE-6CC3A721D967}.Debug|Any CPU.ActiveCfg = Debug|Any CPU
		{E7390CBF-5931-4EBB-AFCE-6CC3A721D967}.Debug|Any CPU.Build.0 = Debug|Any CPU
		{E7390CBF-5931-4EBB-AFCE-6CC3A721D967}.Debug|x64.ActiveCfg = Debug|Any CPU
		{E7390CBF-5931-4EBB-AFCE-6CC3A721D967}.Debug|x64.Build.0 = Debug|Any CPU
		{E7390CBF-5931-4EBB-AFCE-6CC3A721D967}.Debug|x86.ActiveCfg = Debug|Any CPU
		{E7390CBF-5931-4EBB-AFCE-6CC3A721D967}.Debug|x86.Build.0 = Debug|Any CPU
		{E7390CBF-5931-4EBB-AFCE-6CC3A721D967}.Release|Any CPU.ActiveCfg = Release|Any CPU
		{E7390CBF-5931-4EBB-AFCE-6CC3A721D967}.Release|Any CPU.Build.0 = Release|Any CPU
		{E7390CBF-5931-4EBB-AFCE-6CC3A721D967}.Release|x64.ActiveCfg = Release|Any CPU
		{E7390CBF-5931-4EBB-AFCE-6CC3A721D967}.Release|x64.Build.0 = Release|Any CPU
		{E7390CBF-5931-4EBB-AFCE-6CC3A721D967}.Release|x86.ActiveCfg = Release|Any CPU
		{E7390CBF-5931-4EBB-AFCE-6CC3A721D967}.Release|x86.Build.0 = Release|Any CPU
		{EEA244F6-B3AC-4247-8744-4D7E44144BAD}.Debug|Any CPU.ActiveCfg = Debug|Any CPU
		{EEA244F6-B3AC-4247-8744-4D7E44144BAD}.Debug|Any CPU.Build.0 = Debug|Any CPU
		{EEA244F6-B3AC-4247-8744-4D7E44144BAD}.Debug|x64.ActiveCfg = Debug|Any CPU
		{EEA244F6-B3AC-4247-8744-4D7E44144BAD}.Debug|x64.Build.0 = Debug|Any CPU
		{EEA244F6-B3AC-4247-8744-4D7E44144BAD}.Debug|x86.ActiveCfg = Debug|Any CPU
		{EEA244F6-B3AC-4247-8744-4D7E44144BAD}.Debug|x86.Build.0 = Debug|Any CPU
		{EEA244F6-B3AC-4247-8744-4D7E44144BAD}.Release|Any CPU.ActiveCfg = Release|Any CPU
		{EEA244F6-B3AC-4247-8744-4D7E44144BAD}.Release|Any CPU.Build.0 = Release|Any CPU
		{EEA244F6-B3AC-4247-8744-4D7E44144BAD}.Release|x64.ActiveCfg = Release|Any CPU
		{EEA244F6-B3AC-4247-8744-4D7E44144BAD}.Release|x64.Build.0 = Release|Any CPU
		{EEA244F6-B3AC-4247-8744-4D7E44144BAD}.Release|x86.ActiveCfg = Release|Any CPU
		{EEA244F6-B3AC-4247-8744-4D7E44144BAD}.Release|x86.Build.0 = Release|Any CPU
		{AACC97E4-7B05-4BBB-967C-0614ECDE921E}.Debug|Any CPU.ActiveCfg = Debug|Any CPU
		{AACC97E4-7B05-4BBB-967C-0614ECDE921E}.Debug|Any CPU.Build.0 = Debug|Any CPU
		{AACC97E4-7B05-4BBB-967C-0614ECDE921E}.Debug|x64.ActiveCfg = Debug|Any CPU
		{AACC97E4-7B05-4BBB-967C-0614ECDE921E}.Debug|x64.Build.0 = Debug|Any CPU
		{AACC97E4-7B05-4BBB-967C-0614ECDE921E}.Debug|x86.ActiveCfg = Debug|Any CPU
		{AACC97E4-7B05-4BBB-967C-0614ECDE921E}.Debug|x86.Build.0 = Debug|Any CPU
		{AACC97E4-7B05-4BBB-967C-0614ECDE921E}.Release|Any CPU.ActiveCfg = Release|Any CPU
		{AACC97E4-7B05-4BBB-967C-0614ECDE921E}.Release|Any CPU.Build.0 = Release|Any CPU
		{AACC97E4-7B05-4BBB-967C-0614ECDE921E}.Release|x64.ActiveCfg = Release|Any CPU
		{AACC97E4-7B05-4BBB-967C-0614ECDE921E}.Release|x64.Build.0 = Release|Any CPU
		{AACC97E4-7B05-4BBB-967C-0614ECDE921E}.Release|x86.ActiveCfg = Release|Any CPU
		{AACC97E4-7B05-4BBB-967C-0614ECDE921E}.Release|x86.Build.0 = Release|Any CPU
		{634DADAD-EE3F-4D7A-9F61-15F26C4E2F9F}.Debug|Any CPU.ActiveCfg = Debug|Any CPU
		{634DADAD-EE3F-4D7A-9F61-15F26C4E2F9F}.Debug|Any CPU.Build.0 = Debug|Any CPU
		{634DADAD-EE3F-4D7A-9F61-15F26C4E2F9F}.Debug|x64.ActiveCfg = Debug|Any CPU
		{634DADAD-EE3F-4D7A-9F61-15F26C4E2F9F}.Debug|x64.Build.0 = Debug|Any CPU
		{634DADAD-EE3F-4D7A-9F61-15F26C4E2F9F}.Debug|x86.ActiveCfg = Debug|Any CPU
		{634DADAD-EE3F-4D7A-9F61-15F26C4E2F9F}.Debug|x86.Build.0 = Debug|Any CPU
		{634DADAD-EE3F-4D7A-9F61-15F26C4E2F9F}.Release|Any CPU.ActiveCfg = Release|Any CPU
		{634DADAD-EE3F-4D7A-9F61-15F26C4E2F9F}.Release|Any CPU.Build.0 = Release|Any CPU
		{634DADAD-EE3F-4D7A-9F61-15F26C4E2F9F}.Release|x64.ActiveCfg = Release|Any CPU
		{634DADAD-EE3F-4D7A-9F61-15F26C4E2F9F}.Release|x64.Build.0 = Release|Any CPU
		{634DADAD-EE3F-4D7A-9F61-15F26C4E2F9F}.Release|x86.ActiveCfg = Release|Any CPU
		{634DADAD-EE3F-4D7A-9F61-15F26C4E2F9F}.Release|x86.Build.0 = Release|Any CPU
		{DD248813-51E2-4313-ACB8-AE2CBD8B7BF9}.Debug|Any CPU.ActiveCfg = Debug|Any CPU
		{DD248813-51E2-4313-ACB8-AE2CBD8B7BF9}.Debug|Any CPU.Build.0 = Debug|Any CPU
		{DD248813-51E2-4313-ACB8-AE2CBD8B7BF9}.Debug|x64.ActiveCfg = Debug|Any CPU
		{DD248813-51E2-4313-ACB8-AE2CBD8B7BF9}.Debug|x64.Build.0 = Debug|Any CPU
		{DD248813-51E2-4313-ACB8-AE2CBD8B7BF9}.Debug|x86.ActiveCfg = Debug|Any CPU
		{DD248813-51E2-4313-ACB8-AE2CBD8B7BF9}.Debug|x86.Build.0 = Debug|Any CPU
		{DD248813-51E2-4313-ACB8-AE2CBD8B7BF9}.Release|Any CPU.ActiveCfg = Release|Any CPU
		{DD248813-51E2-4313-ACB8-AE2CBD8B7BF9}.Release|Any CPU.Build.0 = Release|Any CPU
		{DD248813-51E2-4313-ACB8-AE2CBD8B7BF9}.Release|x64.ActiveCfg = Release|Any CPU
		{DD248813-51E2-4313-ACB8-AE2CBD8B7BF9}.Release|x64.Build.0 = Release|Any CPU
		{DD248813-51E2-4313-ACB8-AE2CBD8B7BF9}.Release|x86.ActiveCfg = Release|Any CPU
		{DD248813-51E2-4313-ACB8-AE2CBD8B7BF9}.Release|x86.Build.0 = Release|Any CPU
		{97CDAE86-0341-4078-A590-C0A566DDB28E}.Debug|Any CPU.ActiveCfg = Debug|Any CPU
		{97CDAE86-0341-4078-A590-C0A566DDB28E}.Debug|Any CPU.Build.0 = Debug|Any CPU
		{97CDAE86-0341-4078-A590-C0A566DDB28E}.Debug|x64.ActiveCfg = Debug|Any CPU
		{97CDAE86-0341-4078-A590-C0A566DDB28E}.Debug|x64.Build.0 = Debug|Any CPU
		{97CDAE86-0341-4078-A590-C0A566DDB28E}.Debug|x86.ActiveCfg = Debug|Any CPU
		{97CDAE86-0341-4078-A590-C0A566DDB28E}.Debug|x86.Build.0 = Debug|Any CPU
		{97CDAE86-0341-4078-A590-C0A566DDB28E}.Release|Any CPU.ActiveCfg = Release|Any CPU
		{97CDAE86-0341-4078-A590-C0A566DDB28E}.Release|Any CPU.Build.0 = Release|Any CPU
		{97CDAE86-0341-4078-A590-C0A566DDB28E}.Release|x64.ActiveCfg = Release|Any CPU
		{97CDAE86-0341-4078-A590-C0A566DDB28E}.Release|x64.Build.0 = Release|Any CPU
		{97CDAE86-0341-4078-A590-C0A566DDB28E}.Release|x86.ActiveCfg = Release|Any CPU
		{97CDAE86-0341-4078-A590-C0A566DDB28E}.Release|x86.Build.0 = Release|Any CPU
		{46C5E8CB-ED73-4E38-A074-32465ACC4554}.Debug|Any CPU.ActiveCfg = Debug|Any CPU
		{46C5E8CB-ED73-4E38-A074-32465ACC4554}.Debug|Any CPU.Build.0 = Debug|Any CPU
		{46C5E8CB-ED73-4E38-A074-32465ACC4554}.Debug|x64.ActiveCfg = Debug|Any CPU
		{46C5E8CB-ED73-4E38-A074-32465ACC4554}.Debug|x64.Build.0 = Debug|Any CPU
		{46C5E8CB-ED73-4E38-A074-32465ACC4554}.Debug|x86.ActiveCfg = Debug|Any CPU
		{46C5E8CB-ED73-4E38-A074-32465ACC4554}.Debug|x86.Build.0 = Debug|Any CPU
		{46C5E8CB-ED73-4E38-A074-32465ACC4554}.Release|Any CPU.ActiveCfg = Release|Any CPU
		{46C5E8CB-ED73-4E38-A074-32465ACC4554}.Release|Any CPU.Build.0 = Release|Any CPU
		{46C5E8CB-ED73-4E38-A074-32465ACC4554}.Release|x64.ActiveCfg = Release|Any CPU
		{46C5E8CB-ED73-4E38-A074-32465ACC4554}.Release|x64.Build.0 = Release|Any CPU
		{46C5E8CB-ED73-4E38-A074-32465ACC4554}.Release|x86.ActiveCfg = Release|Any CPU
		{46C5E8CB-ED73-4E38-A074-32465ACC4554}.Release|x86.Build.0 = Release|Any CPU
		{F7A8B9C0-D1E2-F3A4-B5C6-D7E8F9A0B1C2}.Debug|Any CPU.ActiveCfg = Debug|Any CPU
		{F7A8B9C0-D1E2-F3A4-B5C6-D7E8F9A0B1C2}.Debug|Any CPU.Build.0 = Debug|Any CPU
		{F7A8B9C0-D1E2-F3A4-B5C6-D7E8F9A0B1C2}.Debug|x64.ActiveCfg = Debug|Any CPU
		{F7A8B9C0-D1E2-F3A4-B5C6-D7E8F9A0B1C2}.Debug|x64.Build.0 = Debug|Any CPU
		{F7A8B9C0-D1E2-F3A4-B5C6-D7E8F9A0B1C2}.Debug|x86.ActiveCfg = Debug|Any CPU
		{F7A8B9C0-D1E2-F3A4-B5C6-D7E8F9A0B1C2}.Debug|x86.Build.0 = Debug|Any CPU
		{F7A8B9C0-D1E2-F3A4-B5C6-D7E8F9A0B1C2}.Release|Any CPU.ActiveCfg = Release|Any CPU
		{F7A8B9C0-D1E2-F3A4-B5C6-D7E8F9A0B1C2}.Release|Any CPU.Build.0 = Release|Any CPU
		{F7A8B9C0-D1E2-F3A4-B5C6-D7E8F9A0B1C2}.Release|x64.ActiveCfg = Release|Any CPU
		{F7A8B9C0-D1E2-F3A4-B5C6-D7E8F9A0B1C2}.Release|x64.Build.0 = Release|Any CPU
		{F7A8B9C0-D1E2-F3A4-B5C6-D7E8F9A0B1C2}.Release|x86.ActiveCfg = Release|Any CPU
		{F7A8B9C0-D1E2-F3A4-B5C6-D7E8F9A0B1C2}.Release|x86.Build.0 = Release|Any CPU
		{B2C3D4E5-F6A7-8901-BCDE-FA2345678901}.Debug|Any CPU.ActiveCfg = Debug|Any CPU
		{B2C3D4E5-F6A7-8901-BCDE-FA2345678901}.Debug|Any CPU.Build.0 = Debug|Any CPU
		{B2C3D4E5-F6A7-8901-BCDE-FA2345678901}.Debug|x64.ActiveCfg = Debug|Any CPU
		{B2C3D4E5-F6A7-8901-BCDE-FA2345678901}.Debug|x64.Build.0 = Debug|Any CPU
		{B2C3D4E5-F6A7-8901-BCDE-FA2345678901}.Debug|x86.ActiveCfg = Debug|Any CPU
		{B2C3D4E5-F6A7-8901-BCDE-FA2345678901}.Debug|x86.Build.0 = Debug|Any CPU
		{B2C3D4E5-F6A7-8901-BCDE-FA2345678901}.Release|Any CPU.ActiveCfg = Release|Any CPU
		{B2C3D4E5-F6A7-8901-BCDE-FA2345678901}.Release|Any CPU.Build.0 = Release|Any CPU
		{B2C3D4E5-F6A7-8901-BCDE-FA2345678901}.Release|x64.ActiveCfg = Release|Any CPU
		{B2C3D4E5-F6A7-8901-BCDE-FA2345678901}.Release|x64.Build.0 = Release|Any CPU
		{B2C3D4E5-F6A7-8901-BCDE-FA2345678901}.Release|x86.ActiveCfg = Release|Any CPU
		{B2C3D4E5-F6A7-8901-BCDE-FA2345678901}.Release|x86.Build.0 = Release|Any CPU
		{C1A2B3D4-E5F6-7890-ABCD-EF1234567890}.Debug|Any CPU.ActiveCfg = Debug|Any CPU
		{C1A2B3D4-E5F6-7890-ABCD-EF1234567890}.Debug|Any CPU.Build.0 = Debug|Any CPU
		{C1A2B3D4-E5F6-7890-ABCD-EF1234567890}.Debug|x64.ActiveCfg = Debug|Any CPU
		{C1A2B3D4-E5F6-7890-ABCD-EF1234567890}.Debug|x64.Build.0 = Debug|Any CPU
		{C1A2B3D4-E5F6-7890-ABCD-EF1234567890}.Debug|x86.ActiveCfg = Debug|Any CPU
		{C1A2B3D4-E5F6-7890-ABCD-EF1234567890}.Debug|x86.Build.0 = Debug|Any CPU
		{C1A2B3D4-E5F6-7890-ABCD-EF1234567890}.Release|Any CPU.ActiveCfg = Release|Any CPU
		{C1A2B3D4-E5F6-7890-ABCD-EF1234567890}.Release|Any CPU.Build.0 = Release|Any CPU
		{C1A2B3D4-E5F6-7890-ABCD-EF1234567890}.Release|x64.ActiveCfg = Release|Any CPU
		{C1A2B3D4-E5F6-7890-ABCD-EF1234567890}.Release|x64.Build.0 = Release|Any CPU
		{C1A2B3D4-E5F6-7890-ABCD-EF1234567890}.Release|x86.ActiveCfg = Release|Any CPU
		{C1A2B3D4-E5F6-7890-ABCD-EF1234567890}.Release|x86.Build.0 = Release|Any CPU
		{8140C321-5422-4C62-9726-4E52EFC260B0}.Debug|Any CPU.ActiveCfg = Debug|Any CPU
		{8140C321-5422-4C62-9726-4E52EFC260B0}.Debug|Any CPU.Build.0 = Debug|Any CPU
		{8140C321-5422-4C62-9726-4E52EFC260B0}.Debug|x64.ActiveCfg = Debug|Any CPU
		{8140C321-5422-4C62-9726-4E52EFC260B0}.Debug|x64.Build.0 = Debug|Any CPU
		{8140C321-5422-4C62-9726-4E52EFC260B0}.Debug|x86.ActiveCfg = Debug|Any CPU
		{8140C321-5422-4C62-9726-4E52EFC260B0}.Debug|x86.Build.0 = Debug|Any CPU
		{8140C321-5422-4C62-9726-4E52EFC260B0}.Release|Any CPU.ActiveCfg = Release|Any CPU
		{8140C321-5422-4C62-9726-4E52EFC260B0}.Release|Any CPU.Build.0 = Release|Any CPU
		{8140C321-5422-4C62-9726-4E52EFC260B0}.Release|x64.ActiveCfg = Release|Any CPU
		{8140C321-5422-4C62-9726-4E52EFC260B0}.Release|x64.Build.0 = Release|Any CPU
		{8140C321-5422-4C62-9726-4E52EFC260B0}.Release|x86.ActiveCfg = Release|Any CPU
		{8140C321-5422-4C62-9726-4E52EFC260B0}.Release|x86.Build.0 = Release|Any CPU
		{AA000007-AA00-AA00-AA00-AA0000000007}.Debug|Any CPU.ActiveCfg = Debug|Any CPU
		{AA000007-AA00-AA00-AA00-AA0000000007}.Debug|Any CPU.Build.0 = Debug|Any CPU
		{AA000007-AA00-AA00-AA00-AA0000000007}.Debug|x64.ActiveCfg = Debug|Any CPU
		{AA000007-AA00-AA00-AA00-AA0000000007}.Debug|x64.Build.0 = Debug|Any CPU
		{AA000007-AA00-AA00-AA00-AA0000000007}.Debug|x86.ActiveCfg = Debug|Any CPU
		{AA000007-AA00-AA00-AA00-AA0000000007}.Debug|x86.Build.0 = Debug|Any CPU
		{AA000007-AA00-AA00-AA00-AA0000000007}.Release|Any CPU.ActiveCfg = Release|Any CPU
		{AA000007-AA00-AA00-AA00-AA0000000007}.Release|Any CPU.Build.0 = Release|Any CPU
		{AA000007-AA00-AA00-AA00-AA0000000007}.Release|x64.ActiveCfg = Release|Any CPU
		{AA000007-AA00-AA00-AA00-AA0000000007}.Release|x64.Build.0 = Release|Any CPU
		{AA000007-AA00-AA00-AA00-AA0000000007}.Release|x86.ActiveCfg = Release|Any CPU
		{AA000007-AA00-AA00-AA00-AA0000000007}.Release|x86.Build.0 = Release|Any CPU
		{BB000001-BB00-BB00-BB00-BB0000000001}.Debug|Any CPU.ActiveCfg = Debug|Any CPU
		{BB000001-BB00-BB00-BB00-BB0000000001}.Debug|Any CPU.Build.0 = Debug|Any CPU
		{BB000001-BB00-BB00-BB00-BB0000000001}.Debug|x64.ActiveCfg = Debug|Any CPU
		{BB000001-BB00-BB00-BB00-BB0000000001}.Debug|x64.Build.0 = Debug|Any CPU
		{BB000001-BB00-BB00-BB00-BB0000000001}.Debug|x86.ActiveCfg = Debug|Any CPU
		{BB000001-BB00-BB00-BB00-BB0000000001}.Debug|x86.Build.0 = Debug|Any CPU
		{BB000001-BB00-BB00-BB00-BB0000000001}.Release|Any CPU.ActiveCfg = Release|Any CPU
		{BB000001-BB00-BB00-BB00-BB0000000001}.Release|Any CPU.Build.0 = Release|Any CPU
		{BB000001-BB00-BB00-BB00-BB0000000001}.Release|x64.ActiveCfg = Release|Any CPU
		{BB000001-BB00-BB00-BB00-BB0000000001}.Release|x64.Build.0 = Release|Any CPU
		{BB000001-BB00-BB00-BB00-BB0000000001}.Release|x86.ActiveCfg = Release|Any CPU
		{BB000001-BB00-BB00-BB00-BB0000000001}.Release|x86.Build.0 = Release|Any CPU
		{BB000002-BB00-BB00-BB00-BB0000000002}.Debug|Any CPU.ActiveCfg = Debug|Any CPU
		{BB000002-BB00-BB00-BB00-BB0000000002}.Debug|Any CPU.Build.0 = Debug|Any CPU
		{BB000002-BB00-BB00-BB00-BB0000000002}.Debug|x64.ActiveCfg = Debug|Any CPU
		{BB000002-BB00-BB00-BB00-BB0000000002}.Debug|x64.Build.0 = Debug|Any CPU
		{BB000002-BB00-BB00-BB00-BB0000000002}.Debug|x86.ActiveCfg = Debug|Any CPU
		{BB000002-BB00-BB00-BB00-BB0000000002}.Debug|x86.Build.0 = Debug|Any CPU
		{BB000002-BB00-BB00-BB00-BB0000000002}.Release|Any CPU.ActiveCfg = Release|Any CPU
		{BB000002-BB00-BB00-BB00-BB0000000002}.Release|Any CPU.Build.0 = Release|Any CPU
		{BB000002-BB00-BB00-BB00-BB0000000002}.Release|x64.ActiveCfg = Release|Any CPU
		{BB000002-BB00-BB00-BB00-BB0000000002}.Release|x64.Build.0 = Release|Any CPU
		{BB000002-BB00-BB00-BB00-BB0000000002}.Release|x86.ActiveCfg = Release|Any CPU
		{BB000002-BB00-BB00-BB00-BB0000000002}.Release|x86.Build.0 = Release|Any CPU
		{BB000003-BB00-BB00-BB00-BB0000000003}.Debug|Any CPU.ActiveCfg = Debug|Any CPU
		{BB000003-BB00-BB00-BB00-BB0000000003}.Debug|Any CPU.Build.0 = Debug|Any CPU
		{BB000003-BB00-BB00-BB00-BB0000000003}.Debug|x64.ActiveCfg = Debug|Any CPU
		{BB000003-BB00-BB00-BB00-BB0000000003}.Debug|x64.Build.0 = Debug|Any CPU
		{BB000003-BB00-BB00-BB00-BB0000000003}.Debug|x86.ActiveCfg = Debug|Any CPU
		{BB000003-BB00-BB00-BB00-BB0000000003}.Debug|x86.Build.0 = Debug|Any CPU
		{BB000003-BB00-BB00-BB00-BB0000000003}.Release|Any CPU.ActiveCfg = Release|Any CPU
		{BB000003-BB00-BB00-BB00-BB0000000003}.Release|Any CPU.Build.0 = Release|Any CPU
		{BB000003-BB00-BB00-BB00-BB0000000003}.Release|x64.ActiveCfg = Release|Any CPU
		{BB000003-BB00-BB00-BB00-BB0000000003}.Release|x64.Build.0 = Release|Any CPU
		{BB000003-BB00-BB00-BB00-BB0000000003}.Release|x86.ActiveCfg = Release|Any CPU
		{BB000003-BB00-BB00-BB00-BB0000000003}.Release|x86.Build.0 = Release|Any CPU
		{792D158F-BAAD-42E4-8EF3-41B6DC5D2F88}.Debug|Any CPU.ActiveCfg = Debug|Any CPU
		{792D158F-BAAD-42E4-8EF3-41B6DC5D2F88}.Debug|Any CPU.Build.0 = Debug|Any CPU
		{792D158F-BAAD-42E4-8EF3-41B6DC5D2F88}.Debug|x64.ActiveCfg = Debug|Any CPU
		{792D158F-BAAD-42E4-8EF3-41B6DC5D2F88}.Debug|x64.Build.0 = Debug|Any CPU
		{792D158F-BAAD-42E4-8EF3-41B6DC5D2F88}.Debug|x86.ActiveCfg = Debug|Any CPU
		{792D158F-BAAD-42E4-8EF3-41B6DC5D2F88}.Debug|x86.Build.0 = Debug|Any CPU
		{792D158F-BAAD-42E4-8EF3-41B6DC5D2F88}.Release|Any CPU.ActiveCfg = Release|Any CPU
		{792D158F-BAAD-42E4-8EF3-41B6DC5D2F88}.Release|Any CPU.Build.0 = Release|Any CPU
		{792D158F-BAAD-42E4-8EF3-41B6DC5D2F88}.Release|x64.ActiveCfg = Release|Any CPU
		{792D158F-BAAD-42E4-8EF3-41B6DC5D2F88}.Release|x64.Build.0 = Release|Any CPU
		{792D158F-BAAD-42E4-8EF3-41B6DC5D2F88}.Release|x86.ActiveCfg = Release|Any CPU
		{792D158F-BAAD-42E4-8EF3-41B6DC5D2F88}.Release|x86.Build.0 = Release|Any CPU
		{EE300001-EE00-EE00-EE00-EE0000000001}.Debug|Any CPU.ActiveCfg = Debug|Any CPU
		{EE300001-EE00-EE00-EE00-EE0000000001}.Debug|Any CPU.Build.0 = Debug|Any CPU
		{EE300001-EE00-EE00-EE00-EE0000000001}.Debug|x64.ActiveCfg = Debug|Any CPU
		{EE300001-EE00-EE00-EE00-EE0000000001}.Debug|x64.Build.0 = Debug|Any CPU
		{EE300001-EE00-EE00-EE00-EE0000000001}.Debug|x86.ActiveCfg = Debug|Any CPU
		{EE300001-EE00-EE00-EE00-EE0000000001}.Debug|x86.Build.0 = Debug|Any CPU
		{EE300001-EE00-EE00-EE00-EE0000000001}.Release|Any CPU.ActiveCfg = Release|Any CPU
		{EE300001-EE00-EE00-EE00-EE0000000001}.Release|Any CPU.Build.0 = Release|Any CPU
		{EE300001-EE00-EE00-EE00-EE0000000001}.Release|x64.ActiveCfg = Release|Any CPU
		{EE300001-EE00-EE00-EE00-EE0000000001}.Release|x64.Build.0 = Release|Any CPU
		{EE300001-EE00-EE00-EE00-EE0000000001}.Release|x86.ActiveCfg = Release|Any CPU
		{EE300001-EE00-EE00-EE00-EE0000000001}.Release|x86.Build.0 = Release|Any CPU
		{DA5101BD-8749-439F-AFDC-C76143E335B9}.Debug|Any CPU.ActiveCfg = Debug|Any CPU
		{DA5101BD-8749-439F-AFDC-C76143E335B9}.Debug|Any CPU.Build.0 = Debug|Any CPU
		{DA5101BD-8749-439F-AFDC-C76143E335B9}.Debug|x64.ActiveCfg = Debug|Any CPU
		{DA5101BD-8749-439F-AFDC-C76143E335B9}.Debug|x64.Build.0 = Debug|Any CPU
		{DA5101BD-8749-439F-AFDC-C76143E335B9}.Debug|x86.ActiveCfg = Debug|Any CPU
		{DA5101BD-8749-439F-AFDC-C76143E335B9}.Debug|x86.Build.0 = Debug|Any CPU
		{DA5101BD-8749-439F-AFDC-C76143E335B9}.Release|Any CPU.ActiveCfg = Release|Any CPU
		{DA5101BD-8749-439F-AFDC-C76143E335B9}.Release|Any CPU.Build.0 = Release|Any CPU
		{DA5101BD-8749-439F-AFDC-C76143E335B9}.Release|x64.ActiveCfg = Release|Any CPU
		{DA5101BD-8749-439F-AFDC-C76143E335B9}.Release|x64.Build.0 = Release|Any CPU
		{DA5101BD-8749-439F-AFDC-C76143E335B9}.Release|x86.ActiveCfg = Release|Any CPU
		{DA5101BD-8749-439F-AFDC-C76143E335B9}.Release|x86.Build.0 = Release|Any CPU
		{CC100001-CC00-CC00-CC00-CC0000000001}.Debug|Any CPU.ActiveCfg = Debug|Any CPU
		{CC100001-CC00-CC00-CC00-CC0000000001}.Debug|Any CPU.Build.0 = Debug|Any CPU
		{CC100001-CC00-CC00-CC00-CC0000000001}.Debug|x64.ActiveCfg = Debug|Any CPU
		{CC100001-CC00-CC00-CC00-CC0000000001}.Debug|x64.Build.0 = Debug|Any CPU
		{CC100001-CC00-CC00-CC00-CC0000000001}.Debug|x86.ActiveCfg = Debug|Any CPU
		{CC100001-CC00-CC00-CC00-CC0000000001}.Debug|x86.Build.0 = Debug|Any CPU
		{CC100001-CC00-CC00-CC00-CC0000000001}.Release|Any CPU.ActiveCfg = Release|Any CPU
		{CC100001-CC00-CC00-CC00-CC0000000001}.Release|Any CPU.Build.0 = Release|Any CPU
		{CC100001-CC00-CC00-CC00-CC0000000001}.Release|x64.ActiveCfg = Release|Any CPU
		{CC100001-CC00-CC00-CC00-CC0000000001}.Release|x64.Build.0 = Release|Any CPU
		{CC100001-CC00-CC00-CC00-CC0000000001}.Release|x86.ActiveCfg = Release|Any CPU
		{CC100001-CC00-CC00-CC00-CC0000000001}.Release|x86.Build.0 = Release|Any CPU
		{CC100002-CC00-CC00-CC00-CC0000000002}.Debug|Any CPU.ActiveCfg = Debug|Any CPU
		{CC100002-CC00-CC00-CC00-CC0000000002}.Debug|Any CPU.Build.0 = Debug|Any CPU
		{CC100002-CC00-CC00-CC00-CC0000000002}.Debug|x64.ActiveCfg = Debug|Any CPU
		{CC100002-CC00-CC00-CC00-CC0000000002}.Debug|x64.Build.0 = Debug|Any CPU
		{CC100002-CC00-CC00-CC00-CC0000000002}.Debug|x86.ActiveCfg = Debug|Any CPU
		{CC100002-CC00-CC00-CC00-CC0000000002}.Debug|x86.Build.0 = Debug|Any CPU
		{CC100002-CC00-CC00-CC00-CC0000000002}.Release|Any CPU.ActiveCfg = Release|Any CPU
		{CC100002-CC00-CC00-CC00-CC0000000002}.Release|Any CPU.Build.0 = Release|Any CPU
		{CC100002-CC00-CC00-CC00-CC0000000002}.Release|x64.ActiveCfg = Release|Any CPU
		{CC100002-CC00-CC00-CC00-CC0000000002}.Release|x64.Build.0 = Release|Any CPU
		{CC100002-CC00-CC00-CC00-CC0000000002}.Release|x86.ActiveCfg = Release|Any CPU
		{CC100002-CC00-CC00-CC00-CC0000000002}.Release|x86.Build.0 = Release|Any CPU
		{CC100006-CC00-CC00-CC00-CC0000000006}.Debug|Any CPU.ActiveCfg = Debug|Any CPU
		{CC100006-CC00-CC00-CC00-CC0000000006}.Debug|Any CPU.Build.0 = Debug|Any CPU
		{CC100006-CC00-CC00-CC00-CC0000000006}.Debug|x64.ActiveCfg = Debug|Any CPU
		{CC100006-CC00-CC00-CC00-CC0000000006}.Debug|x64.Build.0 = Debug|Any CPU
		{CC100006-CC00-CC00-CC00-CC0000000006}.Debug|x86.ActiveCfg = Debug|Any CPU
		{CC100006-CC00-CC00-CC00-CC0000000006}.Debug|x86.Build.0 = Debug|Any CPU
		{CC100006-CC00-CC00-CC00-CC0000000006}.Release|Any CPU.ActiveCfg = Release|Any CPU
		{CC100006-CC00-CC00-CC00-CC0000000006}.Release|Any CPU.Build.0 = Release|Any CPU
		{CC100006-CC00-CC00-CC00-CC0000000006}.Release|x64.ActiveCfg = Release|Any CPU
		{CC100006-CC00-CC00-CC00-CC0000000006}.Release|x64.Build.0 = Release|Any CPU
		{CC100006-CC00-CC00-CC00-CC0000000006}.Release|x86.ActiveCfg = Release|Any CPU
		{CC100006-CC00-CC00-CC00-CC0000000006}.Release|x86.Build.0 = Release|Any CPU
		{CC100003-CC00-CC00-CC00-CC0000000003}.Debug|Any CPU.ActiveCfg = Debug|Any CPU
		{CC100003-CC00-CC00-CC00-CC0000000003}.Debug|Any CPU.Build.0 = Debug|Any CPU
		{CC100003-CC00-CC00-CC00-CC0000000003}.Debug|x64.ActiveCfg = Debug|Any CPU
		{CC100003-CC00-CC00-CC00-CC0000000003}.Debug|x64.Build.0 = Debug|Any CPU
		{CC100003-CC00-CC00-CC00-CC0000000003}.Debug|x86.ActiveCfg = Debug|Any CPU
		{CC100003-CC00-CC00-CC00-CC0000000003}.Debug|x86.Build.0 = Debug|Any CPU
		{CC100003-CC00-CC00-CC00-CC0000000003}.Release|Any CPU.ActiveCfg = Release|Any CPU
		{CC100003-CC00-CC00-CC00-CC0000000003}.Release|Any CPU.Build.0 = Release|Any CPU
		{CC100003-CC00-CC00-CC00-CC0000000003}.Release|x64.ActiveCfg = Release|Any CPU
		{CC100003-CC00-CC00-CC00-CC0000000003}.Release|x64.Build.0 = Release|Any CPU
		{CC100003-CC00-CC00-CC00-CC0000000003}.Release|x86.ActiveCfg = Release|Any CPU
		{CC100003-CC00-CC00-CC00-CC0000000003}.Release|x86.Build.0 = Release|Any CPU
		{CC100004-CC00-CC00-CC00-CC0000000004}.Debug|Any CPU.ActiveCfg = Debug|Any CPU
		{CC100004-CC00-CC00-CC00-CC0000000004}.Debug|Any CPU.Build.0 = Debug|Any CPU
		{CC100004-CC00-CC00-CC00-CC0000000004}.Debug|x64.ActiveCfg = Debug|Any CPU
		{CC100004-CC00-CC00-CC00-CC0000000004}.Debug|x64.Build.0 = Debug|Any CPU
		{CC100004-CC00-CC00-CC00-CC0000000004}.Debug|x86.ActiveCfg = Debug|Any CPU
		{CC100004-CC00-CC00-CC00-CC0000000004}.Debug|x86.Build.0 = Debug|Any CPU
		{CC100004-CC00-CC00-CC00-CC0000000004}.Release|Any CPU.ActiveCfg = Release|Any CPU
		{CC100004-CC00-CC00-CC00-CC0000000004}.Release|Any CPU.Build.0 = Release|Any CPU
		{CC100004-CC00-CC00-CC00-CC0000000004}.Release|x64.ActiveCfg = Release|Any CPU
		{CC100004-CC00-CC00-CC00-CC0000000004}.Release|x64.Build.0 = Release|Any CPU
		{CC100004-CC00-CC00-CC00-CC0000000004}.Release|x86.ActiveCfg = Release|Any CPU
		{CC100004-CC00-CC00-CC00-CC0000000004}.Release|x86.Build.0 = Release|Any CPU
		{CC100005-CC00-CC00-CC00-CC0000000005}.Debug|Any CPU.ActiveCfg = Debug|Any CPU
		{CC100005-CC00-CC00-CC00-CC0000000005}.Debug|Any CPU.Build.0 = Debug|Any CPU
		{CC100005-CC00-CC00-CC00-CC0000000005}.Debug|x64.ActiveCfg = Debug|Any CPU
		{CC100005-CC00-CC00-CC00-CC0000000005}.Debug|x64.Build.0 = Debug|Any CPU
		{CC100005-CC00-CC00-CC00-CC0000000005}.Debug|x86.ActiveCfg = Debug|Any CPU
		{CC100005-CC00-CC00-CC00-CC0000000005}.Debug|x86.Build.0 = Debug|Any CPU
		{CC100005-CC00-CC00-CC00-CC0000000005}.Release|Any CPU.ActiveCfg = Release|Any CPU
		{CC100005-CC00-CC00-CC00-CC0000000005}.Release|Any CPU.Build.0 = Release|Any CPU
		{CC100005-CC00-CC00-CC00-CC0000000005}.Release|x64.ActiveCfg = Release|Any CPU
		{CC100005-CC00-CC00-CC00-CC0000000005}.Release|x64.Build.0 = Release|Any CPU
		{CC100005-CC00-CC00-CC00-CC0000000005}.Release|x86.ActiveCfg = Release|Any CPU
		{CC100005-CC00-CC00-CC00-CC0000000005}.Release|x86.Build.0 = Release|Any CPU
		{9E14A20E-53AF-40DF-841F-20D6FAB9C526}.Debug|Any CPU.ActiveCfg = Debug|Any CPU
		{9E14A20E-53AF-40DF-841F-20D6FAB9C526}.Debug|Any CPU.Build.0 = Debug|Any CPU
		{9E14A20E-53AF-40DF-841F-20D6FAB9C526}.Debug|x64.ActiveCfg = Debug|Any CPU
		{9E14A20E-53AF-40DF-841F-20D6FAB9C526}.Debug|x64.Build.0 = Debug|Any CPU
		{9E14A20E-53AF-40DF-841F-20D6FAB9C526}.Debug|x86.ActiveCfg = Debug|Any CPU
		{9E14A20E-53AF-40DF-841F-20D6FAB9C526}.Debug|x86.Build.0 = Debug|Any CPU
		{9E14A20E-53AF-40DF-841F-20D6FAB9C526}.Release|Any CPU.ActiveCfg = Release|Any CPU
		{9E14A20E-53AF-40DF-841F-20D6FAB9C526}.Release|Any CPU.Build.0 = Release|Any CPU
		{9E14A20E-53AF-40DF-841F-20D6FAB9C526}.Release|x64.ActiveCfg = Release|Any CPU
		{9E14A20E-53AF-40DF-841F-20D6FAB9C526}.Release|x64.Build.0 = Release|Any CPU
		{9E14A20E-53AF-40DF-841F-20D6FAB9C526}.Release|x86.ActiveCfg = Release|Any CPU
		{9E14A20E-53AF-40DF-841F-20D6FAB9C526}.Release|x86.Build.0 = Release|Any CPU
		{7F168659-05C7-49A6-9CF6-568E449160C2}.Debug|Any CPU.ActiveCfg = Debug|Any CPU
		{7F168659-05C7-49A6-9CF6-568E449160C2}.Debug|Any CPU.Build.0 = Debug|Any CPU
		{7F168659-05C7-49A6-9CF6-568E449160C2}.Debug|x64.ActiveCfg = Debug|Any CPU
		{7F168659-05C7-49A6-9CF6-568E449160C2}.Debug|x64.Build.0 = Debug|Any CPU
		{7F168659-05C7-49A6-9CF6-568E449160C2}.Debug|x86.ActiveCfg = Debug|Any CPU
		{7F168659-05C7-49A6-9CF6-568E449160C2}.Debug|x86.Build.0 = Debug|Any CPU
		{7F168659-05C7-49A6-9CF6-568E449160C2}.Release|Any CPU.ActiveCfg = Release|Any CPU
		{7F168659-05C7-49A6-9CF6-568E449160C2}.Release|Any CPU.Build.0 = Release|Any CPU
		{7F168659-05C7-49A6-9CF6-568E449160C2}.Release|x64.ActiveCfg = Release|Any CPU
		{7F168659-05C7-49A6-9CF6-568E449160C2}.Release|x64.Build.0 = Release|Any CPU
		{7F168659-05C7-49A6-9CF6-568E449160C2}.Release|x86.ActiveCfg = Release|Any CPU
		{7F168659-05C7-49A6-9CF6-568E449160C2}.Release|x86.Build.0 = Release|Any CPU
		{C7DF1D38-8FFB-4562-B763-16D3E9CB1134}.Debug|Any CPU.ActiveCfg = Debug|Any CPU
		{C7DF1D38-8FFB-4562-B763-16D3E9CB1134}.Debug|Any CPU.Build.0 = Debug|Any CPU
		{C7DF1D38-8FFB-4562-B763-16D3E9CB1134}.Debug|x64.ActiveCfg = Debug|Any CPU
		{C7DF1D38-8FFB-4562-B763-16D3E9CB1134}.Debug|x64.Build.0 = Debug|Any CPU
		{C7DF1D38-8FFB-4562-B763-16D3E9CB1134}.Debug|x86.ActiveCfg = Debug|Any CPU
		{C7DF1D38-8FFB-4562-B763-16D3E9CB1134}.Debug|x86.Build.0 = Debug|Any CPU
		{C7DF1D38-8FFB-4562-B763-16D3E9CB1134}.Release|Any CPU.ActiveCfg = Release|Any CPU
		{C7DF1D38-8FFB-4562-B763-16D3E9CB1134}.Release|Any CPU.Build.0 = Release|Any CPU
		{C7DF1D38-8FFB-4562-B763-16D3E9CB1134}.Release|x64.ActiveCfg = Release|Any CPU
		{C7DF1D38-8FFB-4562-B763-16D3E9CB1134}.Release|x64.Build.0 = Release|Any CPU
		{C7DF1D38-8FFB-4562-B763-16D3E9CB1134}.Release|x86.ActiveCfg = Release|Any CPU
		{C7DF1D38-8FFB-4562-B763-16D3E9CB1134}.Release|x86.Build.0 = Release|Any CPU
		{A4C42553-4BDA-4D77-B1D5-BA20E551F6BB}.Debug|Any CPU.ActiveCfg = Debug|Any CPU
		{A4C42553-4BDA-4D77-B1D5-BA20E551F6BB}.Debug|Any CPU.Build.0 = Debug|Any CPU
		{A4C42553-4BDA-4D77-B1D5-BA20E551F6BB}.Debug|x64.ActiveCfg = Debug|Any CPU
		{A4C42553-4BDA-4D77-B1D5-BA20E551F6BB}.Debug|x64.Build.0 = Debug|Any CPU
		{A4C42553-4BDA-4D77-B1D5-BA20E551F6BB}.Debug|x86.ActiveCfg = Debug|Any CPU
		{A4C42553-4BDA-4D77-B1D5-BA20E551F6BB}.Debug|x86.Build.0 = Debug|Any CPU
		{A4C42553-4BDA-4D77-B1D5-BA20E551F6BB}.Release|Any CPU.ActiveCfg = Release|Any CPU
		{A4C42553-4BDA-4D77-B1D5-BA20E551F6BB}.Release|Any CPU.Build.0 = Release|Any CPU
		{A4C42553-4BDA-4D77-B1D5-BA20E551F6BB}.Release|x64.ActiveCfg = Release|Any CPU
		{A4C42553-4BDA-4D77-B1D5-BA20E551F6BB}.Release|x64.Build.0 = Release|Any CPU
		{A4C42553-4BDA-4D77-B1D5-BA20E551F6BB}.Release|x86.ActiveCfg = Release|Any CPU
		{A4C42553-4BDA-4D77-B1D5-BA20E551F6BB}.Release|x86.Build.0 = Release|Any CPU
		{685E12CB-0991-4B14-B615-47FB2310DFC0}.Debug|Any CPU.ActiveCfg = Debug|Any CPU
		{685E12CB-0991-4B14-B615-47FB2310DFC0}.Debug|Any CPU.Build.0 = Debug|Any CPU
		{685E12CB-0991-4B14-B615-47FB2310DFC0}.Debug|x64.ActiveCfg = Debug|Any CPU
		{685E12CB-0991-4B14-B615-47FB2310DFC0}.Debug|x64.Build.0 = Debug|Any CPU
		{685E12CB-0991-4B14-B615-47FB2310DFC0}.Debug|x86.ActiveCfg = Debug|Any CPU
		{685E12CB-0991-4B14-B615-47FB2310DFC0}.Debug|x86.Build.0 = Debug|Any CPU
		{685E12CB-0991-4B14-B615-47FB2310DFC0}.Release|Any CPU.ActiveCfg = Release|Any CPU
		{685E12CB-0991-4B14-B615-47FB2310DFC0}.Release|Any CPU.Build.0 = Release|Any CPU
		{685E12CB-0991-4B14-B615-47FB2310DFC0}.Release|x64.ActiveCfg = Release|Any CPU
		{685E12CB-0991-4B14-B615-47FB2310DFC0}.Release|x64.Build.0 = Release|Any CPU
		{685E12CB-0991-4B14-B615-47FB2310DFC0}.Release|x86.ActiveCfg = Release|Any CPU
		{685E12CB-0991-4B14-B615-47FB2310DFC0}.Release|x86.Build.0 = Release|Any CPU
		{4D11DA03-E3B2-4806-9C47-E83F650F6C84}.Debug|Any CPU.ActiveCfg = Debug|Any CPU
		{4D11DA03-E3B2-4806-9C47-E83F650F6C84}.Debug|Any CPU.Build.0 = Debug|Any CPU
		{4D11DA03-E3B2-4806-9C47-E83F650F6C84}.Debug|x64.ActiveCfg = Debug|Any CPU
		{4D11DA03-E3B2-4806-9C47-E83F650F6C84}.Debug|x64.Build.0 = Debug|Any CPU
		{4D11DA03-E3B2-4806-9C47-E83F650F6C84}.Debug|x86.ActiveCfg = Debug|Any CPU
		{4D11DA03-E3B2-4806-9C47-E83F650F6C84}.Debug|x86.Build.0 = Debug|Any CPU
		{4D11DA03-E3B2-4806-9C47-E83F650F6C84}.Release|Any CPU.ActiveCfg = Release|Any CPU
		{4D11DA03-E3B2-4806-9C47-E83F650F6C84}.Release|Any CPU.Build.0 = Release|Any CPU
		{4D11DA03-E3B2-4806-9C47-E83F650F6C84}.Release|x64.ActiveCfg = Release|Any CPU
		{4D11DA03-E3B2-4806-9C47-E83F650F6C84}.Release|x64.Build.0 = Release|Any CPU
		{4D11DA03-E3B2-4806-9C47-E83F650F6C84}.Release|x86.ActiveCfg = Release|Any CPU
		{4D11DA03-E3B2-4806-9C47-E83F650F6C84}.Release|x86.Build.0 = Release|Any CPU
	EndGlobalSection
	GlobalSection(SolutionProperties) = preSolution
		HideSolutionNode = FALSE
	EndGlobalSection
	GlobalSection(NestedProjects) = preSolution
		{A53B3778-BA1D-4C35-9DC8-7A21E8224872} = {250FC96D-F272-4DA2-9454-5817440CB125}
		{B8A9C0D1-E2F3-4567-89AB-CDEF01234567} = {77555033-FC44-4882-8FFD-DA2B27CEDD9E}
		{B1A2C3D4-E5F6-7890-A1B2-C3D4E5F67890} = {E7C58EBD-5476-4A12-83EB-235DE68AF079}
		{AC616BD2-091D-47F8-8B3A-8C4F51A059B4} = {17DF3F5C-B057-775F-6415-08BE72BB68E2}
		{6B52E370-D952-4E45-AB8F-46C36B440D8D} = {FEF6DC7F-62E8-4254-9C7D-1324AC8B8E19}
		{AF320FF3-6DA4-4F0B-9847-9747A5D1D28C} = {50BEFE8E-AAFD-4CE3-AFE9-89DD1ECD8667}
		{E3B2C99D-8506-4B91-A75E-2062F0E2F26D} = {17DF3F5C-B057-775F-6415-08BE72BB68E2}
		{D4CD9155-5A32-429A-AA18-9E4BF03F1D8D} = {77555033-FC44-4882-8FFD-DA2B27CEDD9E}
		{E5F6A7B8-C9D0-1234-5678-9ABCDEF01234} = {77555033-FC44-4882-8FFD-DA2B27CEDD9E}
		{A8B9C0D1-E2F3-4567-89AB-CDEF01234567} = {77555033-FC44-4882-8FFD-DA2B27CEDD9E}
		{B9C0D1E2-F3A4-5678-9ABC-DEF012345678} = {77555033-FC44-4882-8FFD-DA2B27CEDD9E}
		{C0D1E2F3-A4B5-6789-ABCD-EF0123456789} = {77555033-FC44-4882-8FFD-DA2B27CEDD9E}
		{A1B2C3D4-E5F6-7890-ABCD-EF1234567890} = {8F0E84AF-4FC2-46AF-8264-C41FC85FD18E}
		{C1D2E3F4-A5B6-7890-C1D2-E3F4A5B67890} = {8F0E84AF-4FC2-46AF-8264-C41FC85FD18E}
		{E3F4A5B6-C7D8-9012-E3F4-A5B6C7D89012} = {8F0E84AF-4FC2-46AF-8264-C41FC85FD18E}
		{D5E6F7A8-B9C0-1234-DEFA-B01234567890} = {250FC96D-F272-4DA2-9454-5817440CB125}
		{E4F5A6B7-C8D9-0123-EFA1-B23456789012} = {17DF3F5C-B057-775F-6415-08BE72BB68E2}
		{F1A2B3C4-D5E6-7890-F1A2-B3C4D5E67890} = {77555033-FC44-4882-8FFD-DA2B27CEDD9E}
		{A0B1C2D3-E4F5-6789-A0B1-C2D3E4F56789} = {77555033-FC44-4882-8FFD-DA2B27CEDD9E}
		{CE000001-CE00-CE00-CE00-CE0000000001} = {77555033-FC44-4882-8FFD-DA2B27CEDD9E}
		{E4516B00-A775-426E-B9A0-4CB5B4E312FE} = {77555033-FC44-4882-8FFD-DA2B27CEDD9E}
		{FA100001-FA10-FA10-FA10-FA1000000001} = {77555033-FC44-4882-8FFD-DA2B27CEDD9E}
		{A93ED383-693F-4D75-A035-60BAB7E17D72} = {97E00D62-D6F1-44E5-881F-3727FE8CDD1E}
		{47D236DA-09DA-4A6E-A3B4-26F77D4D0C49} = {8F0E84AF-4FC2-46AF-8264-C41FC85FD18E}
		{D57AA8EE-8C82-47BD-87F4-870E1E46056A} = {250FC96D-F272-4DA2-9454-5817440CB125}
		{A1B2C3D4-E5F6-7891-ABCD-EF1234567891} = {77555033-FC44-4882-8FFD-DA2B27CEDD9E}
		{B2C3D4E5-F6A7-8902-BCDE-F01234567891} = {77555033-FC44-4882-8FFD-DA2B27CEDD9E}
		{C3D4E5F6-A7B8-9013-CDEF-012345678912} = {77555033-FC44-4882-8FFD-DA2B27CEDD9E}
		{D4E5F6A7-B8C9-0124-DEF0-123456789123} = {77555033-FC44-4882-8FFD-DA2B27CEDD9E}
		{E5F6A7B8-C9D0-1235-EF01-234567890134} = {77555033-FC44-4882-8FFD-DA2B27CEDD9E}
		{F6A7B8C9-D0E1-2346-F012-345678901245} = {250FC96D-F272-4DA2-9454-5817440CB125}
		{6EC3D93D-9B7B-43C4-8F2D-10F726E1E8FB} = {250FC96D-F272-4DA2-9454-5817440CB125}
		{F0E1D2C3-B4A5-9876-F0E1-D2C3B4A59876} = {77555033-FC44-4882-8FFD-DA2B27CEDD9E}
		{A04155C4-07E6-49BE-AA0E-979BBE4F0F0C} = {AD6546B8-31D6-4732-8E50-4490C2C5E889}
		{AA000001-AA00-AA00-AA00-AA0000000001} = {AD6546B8-31D6-4732-8E50-4490C2C5E889}
		{AA000006-AA00-AA00-AA00-AA0000000006} = {AD6546B8-31D6-4732-8E50-4490C2C5E889}
		{AA000002-AA00-AA00-AA00-AA0000000002} = {A04155C4-07E6-49BE-AA0E-979BBE4F0F0C}
		{AA000003-AA00-AA00-AA00-AA0000000003} = {6BC0938A-0302-4BD1-A166-A93B238638DA}
		{AA000008-AA00-AA00-AA00-AA0000000008} = {250FC96D-F272-4DA2-9454-5817440CB125}
		{AA000009-AA00-AA00-AA00-AA0000000009} = {250FC96D-F272-4DA2-9454-5817440CB125}
		{AA000004-AA00-AA00-AA00-AA0000000004} = {6BC0938A-0302-4BD1-A166-A93B238638DA}
		{AA000005-AA00-AA00-AA00-AA0000000005} = {A04155C4-07E6-49BE-AA0E-979BBE4F0F0C}
		{97E00D62-D6F1-44E5-881F-3727FE8CDD1E} = {AD6546B8-31D6-4732-8E50-4490C2C5E889}
		{0CF47511-E15E-49A4-AAF7-68C914804463} = {97E00D62-D6F1-44E5-881F-3727FE8CDD1E}
		{E7390CBF-5931-4EBB-AFCE-6CC3A721D967} = {97E00D62-D6F1-44E5-881F-3727FE8CDD1E}
		{EEA244F6-B3AC-4247-8744-4D7E44144BAD} = {97E00D62-D6F1-44E5-881F-3727FE8CDD1E}
		{AACC97E4-7B05-4BBB-967C-0614ECDE921E} = {97E00D62-D6F1-44E5-881F-3727FE8CDD1E}
		{634DADAD-EE3F-4D7A-9F61-15F26C4E2F9F} = {97E00D62-D6F1-44E5-881F-3727FE8CDD1E}
		{DD248813-51E2-4313-ACB8-AE2CBD8B7BF9} = {97E00D62-D6F1-44E5-881F-3727FE8CDD1E}
		{97CDAE86-0341-4078-A590-C0A566DDB28E} = {97E00D62-D6F1-44E5-881F-3727FE8CDD1E}
		{46C5E8CB-ED73-4E38-A074-32465ACC4554} = {97E00D62-D6F1-44E5-881F-3727FE8CDD1E}
		{F7A8B9C0-D1E2-F3A4-B5C6-D7E8F9A0B1C2} = {97E00D62-D6F1-44E5-881F-3727FE8CDD1E}
		{B2C3D4E5-F6A7-8901-BCDE-FA2345678901} = {97E00D62-D6F1-44E5-881F-3727FE8CDD1E}
		{C1A2B3D4-E5F6-7890-ABCD-EF1234567890} = {97E00D62-D6F1-44E5-881F-3727FE8CDD1E}
		{7041CC6B-23DF-4363-B599-13F2567FA326} = {AD6546B8-31D6-4732-8E50-4490C2C5E889}
		{8140C321-5422-4C62-9726-4E52EFC260B0} = {7041CC6B-23DF-4363-B599-13F2567FA326}
		{AA000007-AA00-AA00-AA00-AA0000000007} = {7041CC6B-23DF-4363-B599-13F2567FA326}
		{6BC0938A-0302-4BD1-A166-A93B238638DA} = {250FC96D-F272-4DA2-9454-5817440CB125}
		{BB000001-BB00-BB00-BB00-BB0000000001} = {E7C58EBD-5476-4A12-83EB-235DE68AF079}
		{BB000002-BB00-BB00-BB00-BB0000000002} = {E7C58EBD-5476-4A12-83EB-235DE68AF079}
		{BB000003-BB00-BB00-BB00-BB0000000003} = {E7C58EBD-5476-4A12-83EB-235DE68AF079}
		{792D158F-BAAD-42E4-8EF3-41B6DC5D2F88} = {77555033-FC44-4882-8FFD-DA2B27CEDD9E}
		{EE300001-EE00-EE00-EE00-EE0000000001} = {77555033-FC44-4882-8FFD-DA2B27CEDD9E}
		{DA5101BD-8749-439F-AFDC-C76143E335B9} = {77555033-FC44-4882-8FFD-DA2B27CEDD9E}
		{CC100001-CC00-CC00-CC00-CC0000000001} = {97E00D62-D6F1-44E5-881F-3727FE8CDD1E}
		{CC100002-CC00-CC00-CC00-CC0000000002} = {97E00D62-D6F1-44E5-881F-3727FE8CDD1E}
		{CC100006-CC00-CC00-CC00-CC0000000006} = {97E00D62-D6F1-44E5-881F-3727FE8CDD1E}
		{CC100003-CC00-CC00-CC00-CC0000000003} = {97E00D62-D6F1-44E5-881F-3727FE8CDD1E}
		{CC100004-CC00-CC00-CC00-CC0000000004} = {AD6546B8-31D6-4732-8E50-4490C2C5E889}
		{CC100005-CC00-CC00-CC00-CC0000000005} = {AD6546B8-31D6-4732-8E50-4490C2C5E889}
		{9E14A20E-53AF-40DF-841F-20D6FAB9C526} = {77555033-FC44-4882-8FFD-DA2B27CEDD9E}
		{7F168659-05C7-49A6-9CF6-568E449160C2} = {77555033-FC44-4882-8FFD-DA2B27CEDD9E}
		{C7DF1D38-8FFB-4562-B763-16D3E9CB1134} = {77555033-FC44-4882-8FFD-DA2B27CEDD9E}
		{A4C42553-4BDA-4D77-B1D5-BA20E551F6BB} = {97E00D62-D6F1-44E5-881F-3727FE8CDD1E}
		{685E12CB-0991-4B14-B615-47FB2310DFC0} = {FEF6DC7F-62E8-4254-9C7D-1324AC8B8E19}
		{4D11DA03-E3B2-4806-9C47-E83F650F6C84} = {250FC96D-F272-4DA2-9454-5817440CB125}
	EndGlobalSection
	GlobalSection(ExtensibilityGlobals) = postSolution
		SolutionGuid = {5B382CAE-4846-466E-A3D3-0842043B4012}
	EndGlobalSection
	GlobalSection(Performance) = preSolution
		HasPerformanceSessions = true
	EndGlobalSection
EndGlobal
