
Microsoft Visual Studio Solution File, Format Version 12.00
# Visual Studio Version 18
VisualStudioVersion = 18.4.11506.43
MinimumVisualStudioVersion = 10.0.40219.1
Project("{2150E333-8FDC-42A3-9474-1A3956D46DE8}") = "Samples", "Samples", "{E7C58EBD-5476-4A12-83EB-235DE68AF079}"
EndProject
Project("{9A19103F-16F7-4668-BE54-9A1E7A4F7556}") = "WpfHexEditor.Core", "WpfHexEditor.Core\WpfHexEditor.Core.csproj", "{A53B3778-BA1D-4C35-9DC8-7A21E8224872}"
EndProject
Project("{9A19103F-16F7-4668-BE54-9A1E7A4F7556}") = "WpfHexEditor.HexEditor", "WpfHexEditor.HexEditor\WpfHexEditor.HexEditor.csproj", "{B8A9C0D1-E2F3-4567-89AB-CDEF01234567}"
EndProject
Project("{9A19103F-16F7-4668-BE54-9A1E7A4F7556}") = "WpfHexEditor.Sample.Main", "Samples\WpfHexEditor.Sample.Main\WpfHexEditor.Sample.Main.csproj", "{B1A2C3D4-E5F6-7890-A1B2-C3D4E5F67890}"
EndProject
Project("{FAE04EC0-301F-11D3-BF4B-00C04F79EFBC}") = "WPFHexaEditor.Tests", "WPFHexaEditor.Tests\WPFHexaEditor.Tests.csproj", "{AC616BD2-091D-47F8-8B3A-8C4F51A059B4}"
EndProject
Project("{2150E333-8FDC-42A3-9474-1A3956D46DE8}") = "Test and Benchmark", "Test and Benchmark", "{17DF3F5C-B057-775F-6415-08BE72BB68E2}"
EndProject
Project("{FAE04EC0-301F-11D3-BF4B-00C04F79EFBC}") = "WpfHexEditor.RiderSimpleExample", "Samples\Rider\SimpleExample\WpfHexEditor.RiderSimpleExample.csproj", "{CBEF73C8-5BFF-2721-D197-C2656CD033A0}"
EndProject
Project("{2150E333-8FDC-42A3-9474-1A3956D46DE8}") = "Docking", "Docking", "{FEF6DC7F-62E8-4254-9C7D-1324AC8B8E19}"
EndProject
Project("{9A19103F-16F7-4668-BE54-9A1E7A4F7556}") = "WpfHexEditor.Docking.Core", "WpfHexEditor.Docking.Core\WpfHexEditor.Docking.Core.csproj", "{6B52E370-D952-4E45-AB8F-46C36B440D8D}"
EndProject
Project("{9A19103F-16F7-4668-BE54-9A1E7A4F7556}") = "WpfHexEditor.Docking.Wpf", "WpfHexEditor.Docking.Wpf\WpfHexEditor.Docking.Wpf.csproj", "{AF320FF3-6DA4-4F0B-9847-9747A5D1D28C}"
EndProject
Project("{9A19103F-16F7-4668-BE54-9A1E7A4F7556}") = "WpfHexEditor.App", "Samples\WpfHexEditor.App\WpfHexEditor.App.csproj", "{AC792237-B019-47C9-85C7-874A6E0212EF}"
EndProject
Project("{9A19103F-16F7-4668-BE54-9A1E7A4F7556}") = "WpfHexEditor.Docking.Tests", "WpfHexEditor.Docking.Tests\WpfHexEditor.Docking.Tests.csproj", "{E3B2C99D-8506-4B91-A75E-2062F0E2F26D}"
EndProject
Project("{9A19103F-16F7-4668-BE54-9A1E7A4F7556}") = "WpfHexEditor.Editor.JsonEditor", "WpfHexEditor.Editor.JsonEditor\WpfHexEditor.Editor.JsonEditor.csproj", "{D4CD9155-5A32-429A-AA18-9E4BF03F1D8D}"
EndProject
Project("{9A19103F-16F7-4668-BE54-9A1E7A4F7556}") = "WpfHexEditor.ColorPicker", "WpfHexEditor.ColorPicker\WpfHexEditor.ColorPicker.csproj", "{A1B2C3D4-E5F6-7890-ABCD-EF1234567890}"
EndProject
Project("{9A19103F-16F7-4668-BE54-9A1E7A4F7556}") = "WpfHexEditor.WindowPanels", "WpfHexEditor.WindowPanels\WpfHexEditor.WindowPanels.csproj", "{C6D4E5F6-A7B8-9012-CDEF-012345678912}"
EndProject
Project("{9A19103F-16F7-4668-BE54-9A1E7A4F7556}") = "WpfHexEditor.BarChart", "WpfHexEditor.BarChart\WpfHexEditor.BarChart.csproj", "{B2C3D4E5-F6A7-8901-BCDE-F01234567890}"
EndProject
Project("{9A19103F-16F7-4668-BE54-9A1E7A4F7556}") = "WpfHexEditor.BinaryAnalysis", "WpfHexEditor.BinaryAnalysis\WpfHexEditor.BinaryAnalysis.csproj", "{D5E6F7A8-B9C0-1234-DEFA-B01234567890}"
EndProject
Project("{9A19103F-16F7-4668-BE54-9A1E7A4F7556}") = "WpfHexEditor.BinaryAnalysis.Tests", "WpfHexEditor.BinaryAnalysis.Tests\WpfHexEditor.BinaryAnalysis.Tests.csproj", "{E4F5A6B7-C8D9-0123-EFA1-B23456789012}"
EndProject
Project("{9A19103F-16F7-4668-BE54-9A1E7A4F7556}") = "WpfHexEditor.Editor.Core", "WpfHexEditor.Editor.Core\WpfHexEditor.Editor.Core.csproj", "{F1A2B3C4-D5E6-7890-F1A2-B3C4D5E67890}"
EndProject
Project("{9A19103F-16F7-4668-BE54-9A1E7A4F7556}") = "WpfHexEditor.Editor.TblEditor", "WpfHexEditor.Editor.TblEditor\WpfHexEditor.Editor.TblEditor.csproj", "{A0B1C2D3-E4F5-6789-A0B1-C2D3E4F56789}"
EndProject
Project("{2150E333-8FDC-42A3-9474-1A3956D46DE8}") = "Controls, Panel and Wndows", "Controls, Panel and Wndows", "{8F0E84AF-4FC2-46AF-8264-C41FC85FD18E}"
EndProject
Project("{2150E333-8FDC-42A3-9474-1A3956D46DE8}") = "Editors", "Editors", "{77555033-FC44-4882-8FFD-DA2B27CEDD9E}"
EndProject
Project("{FAE04EC0-301F-11D3-BF4B-00C04F79EFBC}") = "WpfHexEditor.HexBox", "WpfHexEditor.HexBox\WpfHexEditor.HexBox.csproj", "{47D236DA-09DA-4A6E-A3B4-26F77D4D0C49}"
EndProject
Project("{2150E333-8FDC-42A3-9474-1A3956D46DE8}") = "Core and Services", "Core and Services", "{250FC96D-F272-4DA2-9454-5817440CB125}"
EndProject
Global
	GlobalSection(SolutionConfigurationPlatforms) = preSolution
		Debug|Any CPU = Debug|Any CPU
		Debug|x64 = Debug|x64
		Debug|x86 = Debug|x86
		Release|Any CPU = Release|Any CPU
		Release|x64 = Release|x64
		Release|x86 = Release|x86
	EndGlobalSection
	GlobalSection(ProjectConfigurationPlatforms) = postSolution
		{A53B3778-BA1D-4C35-9DC8-7A21E8224872}.Debug|Any CPU.ActiveCfg = Debug|Any CPU
		{A53B3778-BA1D-4C35-9DC8-7A21E8224872}.Debug|Any CPU.Build.0 = Debug|Any CPU
		{A53B3778-BA1D-4C35-9DC8-7A21E8224872}.Debug|x64.ActiveCfg = Debug|Any CPU
		{A53B3778-BA1D-4C35-9DC8-7A21E8224872}.Debug|x64.Build.0 = Debug|Any CPU
		{A53B3778-BA1D-4C35-9DC8-7A21E8224872}.Debug|x86.ActiveCfg = Debug|Any CPU
		{A53B3778-BA1D-4C35-9DC8-7A21E8224872}.Debug|x86.Build.0 = Debug|Any CPU
		{A53B3778-BA1D-4C35-9DC8-7A21E8224872}.Release|Any CPU.ActiveCfg = Release|Any CPU
		{A53B3778-BA1D-4C35-9DC8-7A21E8224872}.Release|Any CPU.Build.0 = Release|Any CPU
		{A53B3778-BA1D-4C35-9DC8-7A21E8224872}.Release|x64.ActiveCfg = Release|Any CPU
		{A53B3778-BA1D-4C35-9DC8-7A21E8224872}.Release|x64.Build.0 = Release|Any CPU
		{A53B3778-BA1D-4C35-9DC8-7A21E8224872}.Release|x86.ActiveCfg = Release|Any CPU
		{A53B3778-BA1D-4C35-9DC8-7A21E8224872}.Release|x86.Build.0 = Release|Any CPU
		{B8A9C0D1-E2F3-4567-89AB-CDEF01234567}.Debug|Any CPU.ActiveCfg = Debug|Any CPU
		{B8A9C0D1-E2F3-4567-89AB-CDEF01234567}.Debug|Any CPU.Build.0 = Debug|Any CPU
		{B8A9C0D1-E2F3-4567-89AB-CDEF01234567}.Debug|x64.ActiveCfg = Debug|Any CPU
		{B8A9C0D1-E2F3-4567-89AB-CDEF01234567}.Debug|x64.Build.0 = Debug|Any CPU
		{B8A9C0D1-E2F3-4567-89AB-CDEF01234567}.Debug|x86.ActiveCfg = Debug|Any CPU
		{B8A9C0D1-E2F3-4567-89AB-CDEF01234567}.Debug|x86.Build.0 = Debug|Any CPU
		{B8A9C0D1-E2F3-4567-89AB-CDEF01234567}.Release|Any CPU.ActiveCfg = Release|Any CPU
		{B8A9C0D1-E2F3-4567-89AB-CDEF01234567}.Release|Any CPU.Build.0 = Release|Any CPU
		{B8A9C0D1-E2F3-4567-89AB-CDEF01234567}.Release|x64.ActiveCfg = Release|Any CPU
		{B8A9C0D1-E2F3-4567-89AB-CDEF01234567}.Release|x64.Build.0 = Release|Any CPU
		{B8A9C0D1-E2F3-4567-89AB-CDEF01234567}.Release|x86.ActiveCfg = Release|Any CPU
		{B8A9C0D1-E2F3-4567-89AB-CDEF01234567}.Release|x86.Build.0 = Release|Any CPU
		{B1A2C3D4-E5F6-7890-A1B2-C3D4E5F67890}.Debug|Any CPU.ActiveCfg = Debug|Any CPU
		{B1A2C3D4-E5F6-7890-A1B2-C3D4E5F67890}.Debug|Any CPU.Build.0 = Debug|Any CPU
		{B1A2C3D4-E5F6-7890-A1B2-C3D4E5F67890}.Debug|x64.ActiveCfg = Debug|Any CPU
		{B1A2C3D4-E5F6-7890-A1B2-C3D4E5F67890}.Debug|x64.Build.0 = Debug|Any CPU
		{B1A2C3D4-E5F6-7890-A1B2-C3D4E5F67890}.Debug|x86.ActiveCfg = Debug|Any CPU
		{B1A2C3D4-E5F6-7890-A1B2-C3D4E5F67890}.Debug|x86.Build.0 = Debug|Any CPU
		{B1A2C3D4-E5F6-7890-A1B2-C3D4E5F67890}.Release|Any CPU.ActiveCfg = Release|Any CPU
		{B1A2C3D4-E5F6-7890-A1B2-C3D4E5F67890}.Release|Any CPU.Build.0 = Release|Any CPU
		{B1A2C3D4-E5F6-7890-A1B2-C3D4E5F67890}.Release|x64.ActiveCfg = Release|Any CPU
		{B1A2C3D4-E5F6-7890-A1B2-C3D4E5F67890}.Release|x64.Build.0 = Release|Any CPU
		{B1A2C3D4-E5F6-7890-A1B2-C3D4E5F67890}.Release|x86.ActiveCfg = Release|Any CPU
		{B1A2C3D4-E5F6-7890-A1B2-C3D4E5F67890}.Release|x86.Build.0 = Release|Any CPU
		{AC616BD2-091D-47F8-8B3A-8C4F51A059B4}.Debug|Any CPU.ActiveCfg = Debug|Any CPU
		{AC616BD2-091D-47F8-8B3A-8C4F51A059B4}.Debug|Any CPU.Build.0 = Debug|Any CPU
		{AC616BD2-091D-47F8-8B3A-8C4F51A059B4}.Debug|x64.ActiveCfg = Debug|Any CPU
		{AC616BD2-091D-47F8-8B3A-8C4F51A059B4}.Debug|x64.Build.0 = Debug|Any CPU
		{AC616BD2-091D-47F8-8B3A-8C4F51A059B4}.Debug|x86.ActiveCfg = Debug|Any CPU
		{AC616BD2-091D-47F8-8B3A-8C4F51A059B4}.Debug|x86.Build.0 = Debug|Any CPU
		{AC616BD2-091D-47F8-8B3A-8C4F51A059B4}.Release|Any CPU.ActiveCfg = Release|Any CPU
		{AC616BD2-091D-47F8-8B3A-8C4F51A059B4}.Release|Any CPU.Build.0 = Release|Any CPU
		{AC616BD2-091D-47F8-8B3A-8C4F51A059B4}.Release|x64.ActiveCfg = Release|Any CPU
		{AC616BD2-091D-47F8-8B3A-8C4F51A059B4}.Release|x64.Build.0 = Release|Any CPU
		{AC616BD2-091D-47F8-8B3A-8C4F51A059B4}.Release|x86.ActiveCfg = Release|Any CPU
		{AC616BD2-091D-47F8-8B3A-8C4F51A059B4}.Release|x86.Build.0 = Release|Any CPU
		{CBEF73C8-5BFF-2721-D197-C2656CD033A0}.Debug|Any CPU.ActiveCfg = Debug|Any CPU
		{CBEF73C8-5BFF-2721-D197-C2656CD033A0}.Debug|Any CPU.Build.0 = Debug|Any CPU
		{CBEF73C8-5BFF-2721-D197-C2656CD033A0}.Debug|x64.ActiveCfg = Debug|Any CPU
		{CBEF73C8-5BFF-2721-D197-C2656CD033A0}.Debug|x64.Build.0 = Debug|Any CPU
		{CBEF73C8-5BFF-2721-D197-C2656CD033A0}.Debug|x86.ActiveCfg = Debug|Any CPU
		{CBEF73C8-5BFF-2721-D197-C2656CD033A0}.Debug|x86.Build.0 = Debug|Any CPU
		{CBEF73C8-5BFF-2721-D197-C2656CD033A0}.Release|Any CPU.ActiveCfg = Release|Any CPU
		{CBEF73C8-5BFF-2721-D197-C2656CD033A0}.Release|Any CPU.Build.0 = Release|Any CPU
		{CBEF73C8-5BFF-2721-D197-C2656CD033A0}.Release|x64.ActiveCfg = Release|Any CPU
		{CBEF73C8-5BFF-2721-D197-C2656CD033A0}.Release|x64.Build.0 = Release|Any CPU
		{CBEF73C8-5BFF-2721-D197-C2656CD033A0}.Release|x86.ActiveCfg = Release|Any CPU
		{CBEF73C8-5BFF-2721-D197-C2656CD033A0}.Release|x86.Build.0 = Release|Any CPU
		{6B52E370-D952-4E45-AB8F-46C36B440D8D}.Debug|Any CPU.ActiveCfg = Debug|Any CPU
		{6B52E370-D952-4E45-AB8F-46C36B440D8D}.Debug|Any CPU.Build.0 = Debug|Any CPU
		{6B52E370-D952-4E45-AB8F-46C36B440D8D}.Debug|x64.ActiveCfg = Debug|Any CPU
		{6B52E370-D952-4E45-AB8F-46C36B440D8D}.Debug|x64.Build.0 = Debug|Any CPU
		{6B52E370-D952-4E45-AB8F-46C36B440D8D}.Debug|x86.ActiveCfg = Debug|Any CPU
		{6B52E370-D952-4E45-AB8F-46C36B440D8D}.Debug|x86.Build.0 = Debug|Any CPU
		{6B52E370-D952-4E45-AB8F-46C36B440D8D}.Release|Any CPU.ActiveCfg = Release|Any CPU
		{6B52E370-D952-4E45-AB8F-46C36B440D8D}.Release|Any CPU.Build.0 = Release|Any CPU
		{6B52E370-D952-4E45-AB8F-46C36B440D8D}.Release|x64.ActiveCfg = Release|Any CPU
		{6B52E370-D952-4E45-AB8F-46C36B440D8D}.Release|x64.Build.0 = Release|Any CPU
		{6B52E370-D952-4E45-AB8F-46C36B440D8D}.Release|x86.ActiveCfg = Release|Any CPU
		{6B52E370-D952-4E45-AB8F-46C36B440D8D}.Release|x86.Build.0 = Release|Any CPU
		{AF320FF3-6DA4-4F0B-9847-9747A5D1D28C}.Debug|Any CPU.ActiveCfg = Debug|Any CPU
		{AF320FF3-6DA4-4F0B-9847-9747A5D1D28C}.Debug|Any CPU.Build.0 = Debug|Any CPU
		{AF320FF3-6DA4-4F0B-9847-9747A5D1D28C}.Debug|x64.ActiveCfg = Debug|Any CPU
		{AF320FF3-6DA4-4F0B-9847-9747A5D1D28C}.Debug|x64.Build.0 = Debug|Any CPU
		{AF320FF3-6DA4-4F0B-9847-9747A5D1D28C}.Debug|x86.ActiveCfg = Debug|Any CPU
		{AF320FF3-6DA4-4F0B-9847-9747A5D1D28C}.Debug|x86.Build.0 = Debug|Any CPU
		{AF320FF3-6DA4-4F0B-9847-9747A5D1D28C}.Release|Any CPU.ActiveCfg = Release|Any CPU
		{AF320FF3-6DA4-4F0B-9847-9747A5D1D28C}.Release|Any CPU.Build.0 = Release|Any CPU
		{AF320FF3-6DA4-4F0B-9847-9747A5D1D28C}.Release|x64.ActiveCfg = Release|Any CPU
		{AF320FF3-6DA4-4F0B-9847-9747A5D1D28C}.Release|x64.Build.0 = Release|Any CPU
		{AF320FF3-6DA4-4F0B-9847-9747A5D1D28C}.Release|x86.ActiveCfg = Release|Any CPU
		{AF320FF3-6DA4-4F0B-9847-9747A5D1D28C}.Release|x86.Build.0 = Release|Any CPU
		{AC792237-B019-47C9-85C7-874A6E0212EF}.Debug|Any CPU.ActiveCfg = Debug|Any CPU
		{AC792237-B019-47C9-85C7-874A6E0212EF}.Debug|Any CPU.Build.0 = Debug|Any CPU
		{AC792237-B019-47C9-85C7-874A6E0212EF}.Debug|x64.ActiveCfg = Debug|Any CPU
		{AC792237-B019-47C9-85C7-874A6E0212EF}.Debug|x64.Build.0 = Debug|Any CPU
		{AC792237-B019-47C9-85C7-874A6E0212EF}.Debug|x86.ActiveCfg = Debug|Any CPU
		{AC792237-B019-47C9-85C7-874A6E0212EF}.Debug|x86.Build.0 = Debug|Any CPU
		{AC792237-B019-47C9-85C7-874A6E0212EF}.Release|Any CPU.ActiveCfg = Release|Any CPU
		{AC792237-B019-47C9-85C7-874A6E0212EF}.Release|Any CPU.Build.0 = Release|Any CPU
		{AC792237-B019-47C9-85C7-874A6E0212EF}.Release|x64.ActiveCfg = Release|Any CPU
		{AC792237-B019-47C9-85C7-874A6E0212EF}.Release|x64.Build.0 = Release|Any CPU
		{AC792237-B019-47C9-85C7-874A6E0212EF}.Release|x86.ActiveCfg = Release|Any CPU
		{AC792237-B019-47C9-85C7-874A6E0212EF}.Release|x86.Build.0 = Release|Any CPU
		{E3B2C99D-8506-4B91-A75E-2062F0E2F26D}.Debug|Any CPU.ActiveCfg = Debug|Any CPU
		{E3B2C99D-8506-4B91-A75E-2062F0E2F26D}.Debug|Any CPU.Build.0 = Debug|Any CPU
		{E3B2C99D-8506-4B91-A75E-2062F0E2F26D}.Debug|x64.ActiveCfg = Debug|Any CPU
		{E3B2C99D-8506-4B91-A75E-2062F0E2F26D}.Debug|x64.Build.0 = Debug|Any CPU
		{E3B2C99D-8506-4B91-A75E-2062F0E2F26D}.Debug|x86.ActiveCfg = Debug|Any CPU
		{E3B2C99D-8506-4B91-A75E-2062F0E2F26D}.Debug|x86.Build.0 = Debug|Any CPU
		{E3B2C99D-8506-4B91-A75E-2062F0E2F26D}.Release|Any CPU.ActiveCfg = Release|Any CPU
		{E3B2C99D-8506-4B91-A75E-2062F0E2F26D}.Release|Any CPU.Build.0 = Release|Any CPU
		{E3B2C99D-8506-4B91-A75E-2062F0E2F26D}.Release|x64.ActiveCfg = Release|Any CPU
		{E3B2C99D-8506-4B91-A75E-2062F0E2F26D}.Release|x64.Build.0 = Release|Any CPU
		{E3B2C99D-8506-4B91-A75E-2062F0E2F26D}.Release|x86.ActiveCfg = Release|Any CPU
		{E3B2C99D-8506-4B91-A75E-2062F0E2F26D}.Release|x86.Build.0 = Release|Any CPU
		{D4CD9155-5A32-429A-AA18-9E4BF03F1D8D}.Debug|Any CPU.ActiveCfg = Debug|Any CPU
		{D4CD9155-5A32-429A-AA18-9E4BF03F1D8D}.Debug|Any CPU.Build.0 = Debug|Any CPU
		{D4CD9155-5A32-429A-AA18-9E4BF03F1D8D}.Debug|x64.ActiveCfg = Debug|Any CPU
		{D4CD9155-5A32-429A-AA18-9E4BF03F1D8D}.Debug|x64.Build.0 = Debug|Any CPU
		{D4CD9155-5A32-429A-AA18-9E4BF03F1D8D}.Debug|x86.ActiveCfg = Debug|Any CPU
		{D4CD9155-5A32-429A-AA18-9E4BF03F1D8D}.Debug|x86.Build.0 = Debug|Any CPU
		{D4CD9155-5A32-429A-AA18-9E4BF03F1D8D}.Release|Any CPU.ActiveCfg = Release|Any CPU
		{D4CD9155-5A32-429A-AA18-9E4BF03F1D8D}.Release|Any CPU.Build.0 = Release|Any CPU
		{D4CD9155-5A32-429A-AA18-9E4BF03F1D8D}.Release|x64.ActiveCfg = Release|Any CPU
		{D4CD9155-5A32-429A-AA18-9E4BF03F1D8D}.Release|x64.Build.0 = Release|Any CPU
		{D4CD9155-5A32-429A-AA18-9E4BF03F1D8D}.Release|x86.ActiveCfg = Release|Any CPU
		{D4CD9155-5A32-429A-AA18-9E4BF03F1D8D}.Release|x86.Build.0 = Release|Any CPU
		{A1B2C3D4-E5F6-7890-ABCD-EF1234567890}.Debug|Any CPU.ActiveCfg = Debug|Any CPU
		{A1B2C3D4-E5F6-7890-ABCD-EF1234567890}.Debug|Any CPU.Build.0 = Debug|Any CPU
		{A1B2C3D4-E5F6-7890-ABCD-EF1234567890}.Debug|x64.ActiveCfg = Debug|Any CPU
		{A1B2C3D4-E5F6-7890-ABCD-EF1234567890}.Debug|x64.Build.0 = Debug|Any CPU
		{A1B2C3D4-E5F6-7890-ABCD-EF1234567890}.Debug|x86.ActiveCfg = Debug|Any CPU
		{A1B2C3D4-E5F6-7890-ABCD-EF1234567890}.Debug|x86.Build.0 = Debug|Any CPU
		{A1B2C3D4-E5F6-7890-ABCD-EF1234567890}.Release|Any CPU.ActiveCfg = Release|Any CPU
		{A1B2C3D4-E5F6-7890-ABCD-EF1234567890}.Release|Any CPU.Build.0 = Release|Any CPU
		{A1B2C3D4-E5F6-7890-ABCD-EF1234567890}.Release|x64.ActiveCfg = Release|Any CPU
		{A1B2C3D4-E5F6-7890-ABCD-EF1234567890}.Release|x64.Build.0 = Release|Any CPU
		{A1B2C3D4-E5F6-7890-ABCD-EF1234567890}.Release|x86.ActiveCfg = Release|Any CPU
		{A1B2C3D4-E5F6-7890-ABCD-EF1234567890}.Release|x86.Build.0 = Release|Any CPU
		{C6D4E5F6-A7B8-9012-CDEF-012345678912}.Debug|Any CPU.ActiveCfg = Debug|Any CPU
		{C6D4E5F6-A7B8-9012-CDEF-012345678912}.Debug|Any CPU.Build.0 = Debug|Any CPU
		{C6D4E5F6-A7B8-9012-CDEF-012345678912}.Debug|x64.ActiveCfg = Debug|Any CPU
		{C6D4E5F6-A7B8-9012-CDEF-012345678912}.Debug|x64.Build.0 = Debug|Any CPU
		{C6D4E5F6-A7B8-9012-CDEF-012345678912}.Debug|x86.ActiveCfg = Debug|Any CPU
		{C6D4E5F6-A7B8-9012-CDEF-012345678912}.Debug|x86.Build.0 = Debug|Any CPU
		{C6D4E5F6-A7B8-9012-CDEF-012345678912}.Release|Any CPU.ActiveCfg = Release|Any CPU
		{C6D4E5F6-A7B8-9012-CDEF-012345678912}.Release|Any CPU.Build.0 = Release|Any CPU
		{C6D4E5F6-A7B8-9012-CDEF-012345678912}.Release|x64.ActiveCfg = Release|Any CPU
		{C6D4E5F6-A7B8-9012-CDEF-012345678912}.Release|x64.Build.0 = Release|Any CPU
		{C6D4E5F6-A7B8-9012-CDEF-012345678912}.Release|x86.ActiveCfg = Release|Any CPU
		{C6D4E5F6-A7B8-9012-CDEF-012345678912}.Release|x86.Build.0 = Release|Any CPU
		{B2C3D4E5-F6A7-8901-BCDE-F01234567890}.Debug|Any CPU.ActiveCfg = Debug|Any CPU
		{B2C3D4E5-F6A7-8901-BCDE-F01234567890}.Debug|Any CPU.Build.0 = Debug|Any CPU
		{B2C3D4E5-F6A7-8901-BCDE-F01234567890}.Debug|x64.ActiveCfg = Debug|Any CPU
		{B2C3D4E5-F6A7-8901-BCDE-F01234567890}.Debug|x64.Build.0 = Debug|Any CPU
		{B2C3D4E5-F6A7-8901-BCDE-F01234567890}.Debug|x86.ActiveCfg = Debug|Any CPU
		{B2C3D4E5-F6A7-8901-BCDE-F01234567890}.Debug|x86.Build.0 = Debug|Any CPU
		{B2C3D4E5-F6A7-8901-BCDE-F01234567890}.Release|Any CPU.ActiveCfg = Release|Any CPU
		{B2C3D4E5-F6A7-8901-BCDE-F01234567890}.Release|Any CPU.Build.0 = Release|Any CPU
		{B2C3D4E5-F6A7-8901-BCDE-F01234567890}.Release|x64.ActiveCfg = Release|Any CPU
		{B2C3D4E5-F6A7-8901-BCDE-F01234567890}.Release|x64.Build.0 = Release|Any CPU
		{B2C3D4E5-F6A7-8901-BCDE-F01234567890}.Release|x86.ActiveCfg = Release|Any CPU
		{B2C3D4E5-F6A7-8901-BCDE-F01234567890}.Release|x86.Build.0 = Release|Any CPU
		{D5E6F7A8-B9C0-1234-DEFA-B01234567890}.Debug|Any CPU.ActiveCfg = Debug|Any CPU
		{D5E6F7A8-B9C0-1234-DEFA-B01234567890}.Debug|Any CPU.Build.0 = Debug|Any CPU
		{D5E6F7A8-B9C0-1234-DEFA-B01234567890}.Debug|x64.ActiveCfg = Debug|Any CPU
		{D5E6F7A8-B9C0-1234-DEFA-B01234567890}.Debug|x64.Build.0 = Debug|Any CPU
		{D5E6F7A8-B9C0-1234-DEFA-B01234567890}.Debug|x86.ActiveCfg = Debug|Any CPU
		{D5E6F7A8-B9C0-1234-DEFA-B01234567890}.Debug|x86.Build.0 = Debug|Any CPU
		{D5E6F7A8-B9C0-1234-DEFA-B01234567890}.Release|Any CPU.ActiveCfg = Release|Any CPU
		{D5E6F7A8-B9C0-1234-DEFA-B01234567890}.Release|Any CPU.Build.0 = Release|Any CPU
		{D5E6F7A8-B9C0-1234-DEFA-B01234567890}.Release|x64.ActiveCfg = Release|Any CPU
		{D5E6F7A8-B9C0-1234-DEFA-B01234567890}.Release|x64.Build.0 = Release|Any CPU
		{D5E6F7A8-B9C0-1234-DEFA-B01234567890}.Release|x86.ActiveCfg = Release|Any CPU
		{D5E6F7A8-B9C0-1234-DEFA-B01234567890}.Release|x86.Build.0 = Release|Any CPU
		{E4F5A6B7-C8D9-0123-EFA1-B23456789012}.Debug|Any CPU.ActiveCfg = Debug|Any CPU
		{E4F5A6B7-C8D9-0123-EFA1-B23456789012}.Debug|Any CPU.Build.0 = Debug|Any CPU
		{E4F5A6B7-C8D9-0123-EFA1-B23456789012}.Debug|x64.ActiveCfg = Debug|Any CPU
		{E4F5A6B7-C8D9-0123-EFA1-B23456789012}.Debug|x64.Build.0 = Debug|Any CPU
		{E4F5A6B7-C8D9-0123-EFA1-B23456789012}.Debug|x86.ActiveCfg = Debug|Any CPU
		{E4F5A6B7-C8D9-0123-EFA1-B23456789012}.Debug|x86.Build.0 = Debug|Any CPU
		{E4F5A6B7-C8D9-0123-EFA1-B23456789012}.Release|Any CPU.ActiveCfg = Release|Any CPU
		{E4F5A6B7-C8D9-0123-EFA1-B23456789012}.Release|Any CPU.Build.0 = Release|Any CPU
		{E4F5A6B7-C8D9-0123-EFA1-B23456789012}.Release|x64.ActiveCfg = Release|Any CPU
		{E4F5A6B7-C8D9-0123-EFA1-B23456789012}.Release|x64.Build.0 = Release|Any CPU
		{E4F5A6B7-C8D9-0123-EFA1-B23456789012}.Release|x86.ActiveCfg = Release|Any CPU
		{E4F5A6B7-C8D9-0123-EFA1-B23456789012}.Release|x86.Build.0 = Release|Any CPU
		{F1A2B3C4-D5E6-7890-F1A2-B3C4D5E67890}.Debug|Any CPU.ActiveCfg = Debug|Any CPU
		{F1A2B3C4-D5E6-7890-F1A2-B3C4D5E67890}.Debug|Any CPU.Build.0 = Debug|Any CPU
		{F1A2B3C4-D5E6-7890-F1A2-B3C4D5E67890}.Debug|x64.ActiveCfg = Debug|Any CPU
		{F1A2B3C4-D5E6-7890-F1A2-B3C4D5E67890}.Debug|x64.Build.0 = Debug|Any CPU
		{F1A2B3C4-D5E6-7890-F1A2-B3C4D5E67890}.Debug|x86.ActiveCfg = Debug|Any CPU
		{F1A2B3C4-D5E6-7890-F1A2-B3C4D5E67890}.Debug|x86.Build.0 = Debug|Any CPU
		{F1A2B3C4-D5E6-7890-F1A2-B3C4D5E67890}.Release|Any CPU.ActiveCfg = Release|Any CPU
		{F1A2B3C4-D5E6-7890-F1A2-B3C4D5E67890}.Release|Any CPU.Build.0 = Release|Any CPU
		{F1A2B3C4-D5E6-7890-F1A2-B3C4D5E67890}.Release|x64.ActiveCfg = Release|Any CPU
		{F1A2B3C4-D5E6-7890-F1A2-B3C4D5E67890}.Release|x64.Build.0 = Release|Any CPU
		{F1A2B3C4-D5E6-7890-F1A2-B3C4D5E67890}.Release|x86.ActiveCfg = Release|Any CPU
		{F1A2B3C4-D5E6-7890-F1A2-B3C4D5E67890}.Release|x86.Build.0 = Release|Any CPU
		{A0B1C2D3-E4F5-6789-A0B1-C2D3E4F56789}.Debug|Any CPU.ActiveCfg = Debug|Any CPU
		{A0B1C2D3-E4F5-6789-A0B1-C2D3E4F56789}.Debug|Any CPU.Build.0 = Debug|Any CPU
		{A0B1C2D3-E4F5-6789-A0B1-C2D3E4F56789}.Debug|x64.ActiveCfg = Debug|Any CPU
		{A0B1C2D3-E4F5-6789-A0B1-C2D3E4F56789}.Debug|x64.Build.0 = Debug|Any CPU
		{A0B1C2D3-E4F5-6789-A0B1-C2D3E4F56789}.Debug|x86.ActiveCfg = Debug|Any CPU
		{A0B1C2D3-E4F5-6789-A0B1-C2D3E4F56789}.Debug|x86.Build.0 = Debug|Any CPU
		{A0B1C2D3-E4F5-6789-A0B1-C2D3E4F56789}.Release|Any CPU.ActiveCfg = Release|Any CPU
		{A0B1C2D3-E4F5-6789-A0B1-C2D3E4F56789}.Release|Any CPU.Build.0 = Release|Any CPU
		{A0B1C2D3-E4F5-6789-A0B1-C2D3E4F56789}.Release|x64.ActiveCfg = Release|Any CPU
		{A0B1C2D3-E4F5-6789-A0B1-C2D3E4F56789}.Release|x64.Build.0 = Release|Any CPU
		{A0B1C2D3-E4F5-6789-A0B1-C2D3E4F56789}.Release|x86.ActiveCfg = Release|Any CPU
		{A0B1C2D3-E4F5-6789-A0B1-C2D3E4F56789}.Release|x86.Build.0 = Release|Any CPU
		{47D236DA-09DA-4A6E-A3B4-26F77D4D0C49}.Debug|Any CPU.ActiveCfg = Debug|Any CPU
		{47D236DA-09DA-4A6E-A3B4-26F77D4D0C49}.Debug|Any CPU.Build.0 = Debug|Any CPU
		{47D236DA-09DA-4A6E-A3B4-26F77D4D0C49}.Debug|x64.ActiveCfg = Debug|Any CPU
		{47D236DA-09DA-4A6E-A3B4-26F77D4D0C49}.Debug|x64.Build.0 = Debug|Any CPU
		{47D236DA-09DA-4A6E-A3B4-26F77D4D0C49}.Debug|x86.ActiveCfg = Debug|Any CPU
		{47D236DA-09DA-4A6E-A3B4-26F77D4D0C49}.Debug|x86.Build.0 = Debug|Any CPU
		{47D236DA-09DA-4A6E-A3B4-26F77D4D0C49}.Release|Any CPU.ActiveCfg = Release|Any CPU
		{47D236DA-09DA-4A6E-A3B4-26F77D4D0C49}.Release|Any CPU.Build.0 = Release|Any CPU
		{47D236DA-09DA-4A6E-A3B4-26F77D4D0C49}.Release|x64.ActiveCfg = Release|Any CPU
		{47D236DA-09DA-4A6E-A3B4-26F77D4D0C49}.Release|x64.Build.0 = Release|Any CPU
		{47D236DA-09DA-4A6E-A3B4-26F77D4D0C49}.Release|x86.ActiveCfg = Release|Any CPU
		{47D236DA-09DA-4A6E-A3B4-26F77D4D0C49}.Release|x86.Build.0 = Release|Any CPU
	EndGlobalSection
	GlobalSection(SolutionProperties) = preSolution
		HideSolutionNode = FALSE
	EndGlobalSection
	GlobalSection(NestedProjects) = preSolution
		{A53B3778-BA1D-4C35-9DC8-7A21E8224872} = {250FC96D-F272-4DA2-9454-5817440CB125}
		{B8A9C0D1-E2F3-4567-89AB-CDEF01234567} = {77555033-FC44-4882-8FFD-DA2B27CEDD9E}
		{B1A2C3D4-E5F6-7890-A1B2-C3D4E5F67890} = {E7C58EBD-5476-4A12-83EB-235DE68AF079}
		{AC616BD2-091D-47F8-8B3A-8C4F51A059B4} = {17DF3F5C-B057-775F-6415-08BE72BB68E2}
		{CBEF73C8-5BFF-2721-D197-C2656CD033A0} = {E7C58EBD-5476-4A12-83EB-235DE68AF079}
		{6B52E370-D952-4E45-AB8F-46C36B440D8D} = {FEF6DC7F-62E8-4254-9C7D-1324AC8B8E19}
		{AF320FF3-6DA4-4F0B-9847-9747A5D1D28C} = {FEF6DC7F-62E8-4254-9C7D-1324AC8B8E19}
		{E3B2C99D-8506-4B91-A75E-2062F0E2F26D} = {17DF3F5C-B057-775F-6415-08BE72BB68E2}
		{D4CD9155-5A32-429A-AA18-9E4BF03F1D8D} = {77555033-FC44-4882-8FFD-DA2B27CEDD9E}
		{A1B2C3D4-E5F6-7890-ABCD-EF1234567890} = {8F0E84AF-4FC2-46AF-8264-C41FC85FD18E}
		{C6D4E5F6-A7B8-9012-CDEF-012345678912} = {8F0E84AF-4FC2-46AF-8264-C41FC85FD18E}
		{B2C3D4E5-F6A7-8901-BCDE-F01234567890} = {8F0E84AF-4FC2-46AF-8264-C41FC85FD18E}
		{D5E6F7A8-B9C0-1234-DEFA-B01234567890} = {250FC96D-F272-4DA2-9454-5817440CB125}
		{E4F5A6B7-C8D9-0123-EFA1-B23456789012} = {17DF3F5C-B057-775F-6415-08BE72BB68E2}
		{F1A2B3C4-D5E6-7890-F1A2-B3C4D5E67890} = {77555033-FC44-4882-8FFD-DA2B27CEDD9E}
		{A0B1C2D3-E4F5-6789-A0B1-C2D3E4F56789} = {77555033-FC44-4882-8FFD-DA2B27CEDD9E}
		{47D236DA-09DA-4A6E-A3B4-26F77D4D0C49} = {8F0E84AF-4FC2-46AF-8264-C41FC85FD18E}
	EndGlobalSection
	GlobalSection(ExtensibilityGlobals) = postSolution
		SolutionGuid = {5B382CAE-4846-466E-A3D3-0842043B4012}
	EndGlobalSection
	GlobalSection(Performance) = preSolution
		HasPerformanceSessions = true
	EndGlobalSection
EndGlobal
